// !$*UTF8*$!
{
	archiveVersion = 1;
	classes = {
	};
	objectVersion = 50;
	objects = {

/* Begin PBXBuildFile section */
		AD6C730D22720A2B003B1A5D /* XYList.cpp in Sources */ = {isa = PBXBuildFile; fileRef = AD6C730B22720A2B003B1A5D /* XYList.cpp */; };
		AD6C731022720A37003B1A5D /* XYArray.cpp in Sources */ = {isa = PBXBuildFile; fileRef = AD6C730E22720A37003B1A5D /* XYArray.cpp */; };
		AD6C731322720A42003B1A5D /* XYStack.cpp in Sources */ = {isa = PBXBuildFile; fileRef = AD6C731122720A42003B1A5D /* XYStack.cpp */; };
		AD6C731622720A4B003B1A5D /* XYQueue.cpp in Sources */ = {isa = PBXBuildFile; fileRef = AD6C731422720A4B003B1A5D /* XYQueue.cpp */; };
		AD6C731922720A56003B1A5D /* XYHash.cpp in Sources */ = {isa = PBXBuildFile; fileRef = AD6C731722720A56003B1A5D /* XYHash.cpp */; };
		AD6C731C22720A66003B1A5D /* XYHeap.cpp in Sources */ = {isa = PBXBuildFile; fileRef = AD6C731A22720A66003B1A5D /* XYHeap.cpp */; };
		AD6C731F22720A71003B1A5D /* XYTree.cpp in Sources */ = {isa = PBXBuildFile; fileRef = AD6C731D22720A71003B1A5D /* XYTree.cpp */; };
		AD8037EB2275FC6500A31959 /* LeetCodeSolution.cpp in Sources */ = {isa = PBXBuildFile; fileRef = AD8037E92275FC6500A31959 /* LeetCodeSolution.cpp */; };
		AD80E2AA226C7734005A0256 /* main.cpp in Sources */ = {isa = PBXBuildFile; fileRef = AD80E2A9226C7734005A0256 /* main.cpp */; };
		AD80E2B2226C77D1005A0256 /* XYSort.cpp in Sources */ = {isa = PBXBuildFile; fileRef = AD80E2B0226C77D1005A0256 /* XYSort.cpp */; };
		AD80E2B5226C77DF005A0256 /* XYSearch.cpp in Sources */ = {isa = PBXBuildFile; fileRef = AD80E2B3226C77DF005A0256 /* XYSearch.cpp */; };
		AD93A247238AC58D00A5A96E /* XYArrayChars.cpp in Sources */ = {isa = PBXBuildFile; fileRef = AD93A245238AC58D00A5A96E /* XYArrayChars.cpp */; };
		AD93A24A238D6F5A00A5A96E /* XYLinkList.cpp in Sources */ = {isa = PBXBuildFile; fileRef = AD93A248238D6F5A00A5A96E /* XYLinkList.cpp */; };
		ADFD08322394E9900096A0F3 /* LeetCodeSolution_goback.cpp in Sources */ = {isa = PBXBuildFile; fileRef = ADFD08302394E9900096A0F3 /* LeetCodeSolution_goback.cpp */; };
/* End PBXBuildFile section */

/* Begin PBXCopyFilesBuildPhase section */
		AD80E2A4226C7734005A0256 /* CopyFiles */ = {
			isa = PBXCopyFilesBuildPhase;
			buildActionMask = 2147483647;
			dstPath = /usr/share/man/man1/;
			dstSubfolderSpec = 0;
			files = (
			);
			runOnlyForDeploymentPostprocessing = 1;
		};
/* End PBXCopyFilesBuildPhase section */

/* Begin PBXFileReference section */
		AD6C730B22720A2B003B1A5D /* XYList.cpp */ = {isa = PBXFileReference; lastKnownFileType = sourcecode.cpp.cpp; path = XYList.cpp; sourceTree = "<group>"; };
		AD6C730C22720A2B003B1A5D /* XYList.hpp */ = {isa = PBXFileReference; lastKnownFileType = sourcecode.cpp.h; path = XYList.hpp; sourceTree = "<group>"; };
		AD6C730E22720A37003B1A5D /* XYArray.cpp */ = {isa = PBXFileReference; lastKnownFileType = sourcecode.cpp.cpp; path = XYArray.cpp; sourceTree = "<group>"; };
		AD6C730F22720A37003B1A5D /* XYArray.hpp */ = {isa = PBXFileReference; lastKnownFileType = sourcecode.cpp.h; path = XYArray.hpp; sourceTree = "<group>"; };
		AD6C731122720A42003B1A5D /* XYStack.cpp */ = {isa = PBXFileReference; lastKnownFileType = sourcecode.cpp.cpp; path = XYStack.cpp; sourceTree = "<group>"; };
		AD6C731222720A42003B1A5D /* XYStack.hpp */ = {isa = PBXFileReference; lastKnownFileType = sourcecode.cpp.h; path = XYStack.hpp; sourceTree = "<group>"; };
		AD6C731422720A4B003B1A5D /* XYQueue.cpp */ = {isa = PBXFileReference; lastKnownFileType = sourcecode.cpp.cpp; path = XYQueue.cpp; sourceTree = "<group>"; };
		AD6C731522720A4B003B1A5D /* XYQueue.hpp */ = {isa = PBXFileReference; lastKnownFileType = sourcecode.cpp.h; path = XYQueue.hpp; sourceTree = "<group>"; };
		AD6C731722720A56003B1A5D /* XYHash.cpp */ = {isa = PBXFileReference; lastKnownFileType = sourcecode.cpp.cpp; path = XYHash.cpp; sourceTree = "<group>"; };
		AD6C731822720A56003B1A5D /* XYHash.hpp */ = {isa = PBXFileReference; lastKnownFileType = sourcecode.cpp.h; path = XYHash.hpp; sourceTree = "<group>"; };
		AD6C731A22720A66003B1A5D /* XYHeap.cpp */ = {isa = PBXFileReference; lastKnownFileType = sourcecode.cpp.cpp; path = XYHeap.cpp; sourceTree = "<group>"; };
		AD6C731B22720A66003B1A5D /* XYHeap.hpp */ = {isa = PBXFileReference; lastKnownFileType = sourcecode.cpp.h; path = XYHeap.hpp; sourceTree = "<group>"; };
		AD6C731D22720A71003B1A5D /* XYTree.cpp */ = {isa = PBXFileReference; lastKnownFileType = sourcecode.cpp.cpp; path = XYTree.cpp; sourceTree = "<group>"; };
		AD6C731E22720A71003B1A5D /* XYTree.hpp */ = {isa = PBXFileReference; lastKnownFileType = sourcecode.cpp.h; path = XYTree.hpp; sourceTree = "<group>"; };
		AD8037E92275FC6500A31959 /* LeetCodeSolution.cpp */ = {isa = PBXFileReference; lastKnownFileType = sourcecode.cpp.cpp; path = LeetCodeSolution.cpp; sourceTree = "<group>"; };
		AD8037EA2275FC6500A31959 /* LeetCodeSolution.hpp */ = {isa = PBXFileReference; lastKnownFileType = sourcecode.cpp.h; path = LeetCodeSolution.hpp; sourceTree = "<group>"; };
		AD80E2A6226C7734005A0256 /* XYAlogrithmExercise */ = {isa = PBXFileReference; explicitFileType = "compiled.mach-o.executable"; includeInIndex = 0; path = XYAlogrithmExercise; sourceTree = BUILT_PRODUCTS_DIR; };
		AD80E2A9226C7734005A0256 /* main.cpp */ = {isa = PBXFileReference; lastKnownFileType = sourcecode.cpp.cpp; path = main.cpp; sourceTree = "<group>"; };
		AD80E2B0226C77D1005A0256 /* XYSort.cpp */ = {isa = PBXFileReference; lastKnownFileType = sourcecode.cpp.cpp; path = XYSort.cpp; sourceTree = "<group>"; };
		AD80E2B1226C77D1005A0256 /* XYSort.hpp */ = {isa = PBXFileReference; lastKnownFileType = sourcecode.cpp.h; path = XYSort.hpp; sourceTree = "<group>"; };
		AD80E2B3226C77DF005A0256 /* XYSearch.cpp */ = {isa = PBXFileReference; lastKnownFileType = sourcecode.cpp.cpp; path = XYSearch.cpp; sourceTree = "<group>"; };
		AD80E2B4226C77DF005A0256 /* XYSearch.hpp */ = {isa = PBXFileReference; lastKnownFileType = sourcecode.cpp.h; path = XYSearch.hpp; sourceTree = "<group>"; };
		AD93A245238AC58D00A5A96E /* XYArrayChars.cpp */ = {isa = PBXFileReference; lastKnownFileType = sourcecode.cpp.cpp; path = XYArrayChars.cpp; sourceTree = "<group>"; };
		AD93A246238AC58D00A5A96E /* XYArrayChars.hpp */ = {isa = PBXFileReference; lastKnownFileType = sourcecode.cpp.h; path = XYArrayChars.hpp; sourceTree = "<group>"; };
		AD93A248238D6F5A00A5A96E /* XYLinkList.cpp */ = {isa = PBXFileReference; lastKnownFileType = sourcecode.cpp.cpp; path = XYLinkList.cpp; sourceTree = "<group>"; };
		AD93A249238D6F5A00A5A96E /* XYLinkList.hpp */ = {isa = PBXFileReference; lastKnownFileType = sourcecode.cpp.h; path = XYLinkList.hpp; sourceTree = "<group>"; };
		ADFD08302394E9900096A0F3 /* LeetCodeSolution_goback.cpp */ = {isa = PBXFileReference; lastKnownFileType = sourcecode.cpp.cpp; path = LeetCodeSolution_goback.cpp; sourceTree = "<group>"; };
		ADFD08312394E9900096A0F3 /* LeetCodeSolution_goback.hpp */ = {isa = PBXFileReference; lastKnownFileType = sourcecode.cpp.h; path = LeetCodeSolution_goback.hpp; sourceTree = "<group>"; };
/* End PBXFileReference section */

/* Begin PBXFrameworksBuildPhase section */
		AD80E2A3226C7734005A0256 /* Frameworks */ = {
			isa = PBXFrameworksBuildPhase;
			buildActionMask = 2147483647;
			files = (
			);
			runOnlyForDeploymentPostprocessing = 0;
		};
/* End PBXFrameworksBuildPhase section */

/* Begin PBXGroup section */
		AD80E29D226C7734005A0256 = {
			isa = PBXGroup;
			children = (
				AD80E2A8226C7734005A0256 /* XYAlogrithmExercise */,
				AD80E2A7226C7734005A0256 /* Products */,
			);
			sourceTree = "<group>";
		};
		AD80E2A7226C7734005A0256 /* Products */ = {
			isa = PBXGroup;
			children = (
				AD80E2A6226C7734005A0256 /* XYAlogrithmExercise */,
			);
			name = Products;
			sourceTree = "<group>";
		};
		AD80E2A8226C7734005A0256 /* XYAlogrithmExercise */ = {
			isa = PBXGroup;
			children = (
				AD80E2A9226C7734005A0256 /* main.cpp */,
				AD80E2B1226C77D1005A0256 /* XYSort.hpp */,
				AD80E2B0226C77D1005A0256 /* XYSort.cpp */,
				AD80E2B4226C77DF005A0256 /* XYSearch.hpp */,
				AD80E2B3226C77DF005A0256 /* XYSearch.cpp */,
				AD6C730B22720A2B003B1A5D /* XYList.cpp */,
				AD6C730C22720A2B003B1A5D /* XYList.hpp */,
				AD6C730E22720A37003B1A5D /* XYArray.cpp */,
				AD6C730F22720A37003B1A5D /* XYArray.hpp */,
				AD6C731122720A42003B1A5D /* XYStack.cpp */,
				AD6C731222720A42003B1A5D /* XYStack.hpp */,
				AD6C731422720A4B003B1A5D /* XYQueue.cpp */,
				AD6C731522720A4B003B1A5D /* XYQueue.hpp */,
				AD6C731722720A56003B1A5D /* XYHash.cpp */,
				AD6C731822720A56003B1A5D /* XYHash.hpp */,
				AD6C731A22720A66003B1A5D /* XYHeap.cpp */,
				AD6C731B22720A66003B1A5D /* XYHeap.hpp */,
				AD6C731D22720A71003B1A5D /* XYTree.cpp */,
				AD6C731E22720A71003B1A5D /* XYTree.hpp */,
				AD93A245238AC58D00A5A96E /* XYArrayChars.cpp */,
				AD93A246238AC58D00A5A96E /* XYArrayChars.hpp */,
				AD93A248238D6F5A00A5A96E /* XYLinkList.cpp */,
				AD93A249238D6F5A00A5A96E /* XYLinkList.hpp */,
				AD8037E92275FC6500A31959 /* LeetCodeSolution.cpp */,
				AD8037EA2275FC6500A31959 /* LeetCodeSolution.hpp */,
				ADFD08302394E9900096A0F3 /* LeetCodeSolution_goback.cpp */,
				ADFD08312394E9900096A0F3 /* LeetCodeSolution_goback.hpp */,
			);
			path = XYAlogrithmExercise;
			sourceTree = "<group>";
		};
/* End PBXGroup section */

/* Begin PBXNativeTarget section */
		AD80E2A5226C7734005A0256 /* XYAlogrithmExercise */ = {
			isa = PBXNativeTarget;
			buildConfigurationList = AD80E2AD226C7734005A0256 /* Build configuration list for PBXNativeTarget "XYAlogrithmExercise" */;
			buildPhases = (
				AD80E2A2226C7734005A0256 /* Sources */,
				AD80E2A3226C7734005A0256 /* Frameworks */,
				AD80E2A4226C7734005A0256 /* CopyFiles */,
			);
			buildRules = (
			);
			dependencies = (
			);
			name = XYAlogrithmExercise;
			productName = XYAlogrithmExercise;
			productReference = AD80E2A6226C7734005A0256 /* XYAlogrithmExercise */;
			productType = "com.apple.product-type.tool";
		};
/* End PBXNativeTarget section */

/* Begin PBXProject section */
		AD80E29E226C7734005A0256 /* Project object */ = {
			isa = PBXProject;
			attributes = {
				LastUpgradeCheck = 1010;
				ORGANIZATIONNAME = Yanci;
				TargetAttributes = {
					AD80E2A5226C7734005A0256 = {
						CreatedOnToolsVersion = 10.1;
					};
				};
			};
			buildConfigurationList = AD80E2A1226C7734005A0256 /* Build configuration list for PBXProject "XYAlogrithmExercise" */;
			compatibilityVersion = "Xcode 9.3";
			developmentRegion = en;
			hasScannedForEncodings = 0;
			knownRegions = (
				en,
			);
			mainGroup = AD80E29D226C7734005A0256;
			productRefGroup = AD80E2A7226C7734005A0256 /* Products */;
			projectDirPath = "";
			projectRoot = "";
			targets = (
				AD80E2A5226C7734005A0256 /* XYAlogrithmExercise */,
			);
		};
/* End PBXProject section */

/* Begin PBXSourcesBuildPhase section */
		AD80E2A2226C7734005A0256 /* Sources */ = {
			isa = PBXSourcesBuildPhase;
			buildActionMask = 2147483647;
			files = (
				AD6C731922720A56003B1A5D /* XYHash.cpp in Sources */,
				AD93A24A238D6F5A00A5A96E /* XYLinkList.cpp in Sources */,
				AD6C730D22720A2B003B1A5D /* XYList.cpp in Sources */,
				AD93A247238AC58D00A5A96E /* XYArrayChars.cpp in Sources */,
				AD80E2B2226C77D1005A0256 /* XYSort.cpp in Sources */,
				AD6C731022720A37003B1A5D /* XYArray.cpp in Sources */,
				AD6C731F22720A71003B1A5D /* XYTree.cpp in Sources */,
				AD6C731C22720A66003B1A5D /* XYHeap.cpp in Sources */,
				ADFD08322394E9900096A0F3 /* LeetCodeSolution_goback.cpp in Sources */,
				AD6C731322720A42003B1A5D /* XYStack.cpp in Sources */,
				AD80E2AA226C7734005A0256 /* main.cpp in Sources */,
				AD6C731622720A4B003B1A5D /* XYQueue.cpp in Sources */,
				AD8037EB2275FC6500A31959 /* LeetCodeSolution.cpp in Sources */,
				AD80E2B5226C77DF005A0256 /* XYSearch.cpp in Sources */,
			);
			runOnlyForDeploymentPostprocessing = 0;
		};
/* End PBXSourcesBuildPhase section */

/* Begin XCBuildConfiguration section */
		AD80E2AB226C7734005A0256 /* Debug */ = {
			isa = XCBuildConfiguration;
			buildSettings = {
				ALWAYS_SEARCH_USER_PATHS = NO;
				CLANG_ANALYZER_NONNULL = YES;
				CLANG_ANALYZER_NUMBER_OBJECT_CONVERSION = YES_AGGRESSIVE;
				CLANG_CXX_LANGUAGE_STANDARD = "gnu++14";
				CLANG_CXX_LIBRARY = "libc++";
				CLANG_ENABLE_MODULES = YES;
				CLANG_ENABLE_OBJC_ARC = YES;
				CLANG_ENABLE_OBJC_WEAK = YES;
				CLANG_WARN_BLOCK_CAPTURE_AUTORELEASING = YES;
				CLANG_WARN_BOOL_CONVERSION = YES;
				CLANG_WARN_COMMA = YES;
				CLANG_WARN_CONSTANT_CONVERSION = YES;
				CLANG_WARN_DEPRECATED_OBJC_IMPLEMENTATIONS = YES;
				CLANG_WARN_DIRECT_OBJC_ISA_USAGE = YES_ERROR;
				CLANG_WARN_DOCUMENTATION_COMMENTS = YES;
				CLANG_WARN_EMPTY_BODY = YES;
				CLANG_WARN_ENUM_CONVERSION = YES;
				CLANG_WARN_INFINITE_RECURSION = YES;
				CLANG_WARN_INT_CONVERSION = YES;
				CLANG_WARN_NON_LITERAL_NULL_CONVERSION = YES;
				CLANG_WARN_OBJC_IMPLICIT_RETAIN_SELF = YES;
				CLANG_WARN_OBJC_LITERAL_CONVERSION = YES;
				CLANG_WARN_OBJC_ROOT_CLASS = YES_ERROR;
				CLANG_WARN_RANGE_LOOP_ANALYSIS = YES;
				CLANG_WARN_STRICT_PROTOTYPES = YES;
				CLANG_WARN_SUSPICIOUS_MOVE = YES;
				CLANG_WARN_UNGUARDED_AVAILABILITY = YES_AGGRESSIVE;
				CLANG_WARN_UNREACHABLE_CODE = YES;
				CLANG_WARN__DUPLICATE_METHOD_MATCH = YES;
				CODE_SIGN_IDENTITY = "-";
				COPY_PHASE_STRIP = NO;
				DEBUG_INFORMATION_FORMAT = dwarf;
				ENABLE_STRICT_OBJC_MSGSEND = YES;
				ENABLE_TESTABILITY = YES;
				GCC_C_LANGUAGE_STANDARD = gnu11;
				GCC_DYNAMIC_NO_PIC = NO;
				GCC_NO_COMMON_BLOCKS = YES;
				GCC_OPTIMIZATION_LEVEL = 0;
				GCC_PREPROCESSOR_DEFINITIONS = (
					"DEBUG=1",
					"$(inherited)",
				);
				GCC_WARN_64_TO_32_BIT_CONVERSION = YES;
				GCC_WARN_ABOUT_RETURN_TYPE = YES_ERROR;
				GCC_WARN_UNDECLARED_SELECTOR = YES;
				GCC_WARN_UNINITIALIZED_AUTOS = YES_AGGRESSIVE;
				GCC_WARN_UNUSED_FUNCTION = YES;
				GCC_WARN_UNUSED_VARIABLE = YES;
				MACOSX_DEPLOYMENT_TARGET = 10.14;
				MTL_ENABLE_DEBUG_INFO = INCLUDE_SOURCE;
				MTL_FAST_MATH = YES;
				ONLY_ACTIVE_ARCH = YES;
				SDKROOT = macosx;
			};
			name = Debug;
		};
		AD80E2AC226C7734005A0256 /* Release */ = {
			isa = XCBuildConfiguration;
			buildSettings = {
				ALWAYS_SEARCH_USER_PATHS = NO;
				CLANG_ANALYZER_NONNULL = YES;
				CLANG_ANALYZER_NUMBER_OBJECT_CONVERSION = YES_AGGRESSIVE;
				CLANG_CXX_LANGUAGE_STANDARD = "gnu++14";
				CLANG_CXX_LIBRARY = "libc++";
				CLANG_ENABLE_MODULES = YES;
				CLANG_ENABLE_OBJC_ARC = YES;
				CLANG_ENABLE_OBJC_WEAK = YES;
				CLANG_WARN_BLOCK_CAPTURE_AUTORELEASING = YES;
				CLANG_WARN_BOOL_CONVERSION = YES;
				CLANG_WARN_COMMA = YES;
				CLANG_WARN_CONSTANT_CONVERSION = YES;
				CLANG_WARN_DEPRECATED_OBJC_IMPLEMENTATIONS = YES;
				CLANG_WARN_DIRECT_OBJC_ISA_USAGE = YES_ERROR;
				CLANG_WARN_DOCUMENTATION_COMMENTS = YES;
				CLANG_WARN_EMPTY_BODY = YES;
				CLANG_WARN_ENUM_CONVERSION = YES;
				CLANG_WARN_INFINITE_RECURSION = YES;
				CLANG_WARN_INT_CONVERSION = YES;
				CLANG_WARN_NON_LITERAL_NULL_CONVERSION = YES;
				CLANG_WARN_OBJC_IMPLICIT_RETAIN_SELF = YES;
				CLANG_WARN_OBJC_LITERAL_CONVERSION = YES;
				CLANG_WARN_OBJC_ROOT_CLASS = YES_ERROR;
				CLANG_WARN_RANGE_LOOP_ANALYSIS = YES;
				CLANG_WARN_STRICT_PROTOTYPES = YES;
				CLANG_WARN_SUSPICIOUS_MOVE = YES;
				CLANG_WARN_UNGUARDED_AVAILABILITY = YES_AGGRESSIVE;
				CLANG_WARN_UNREACHABLE_CODE = YES;
				CLANG_WARN__DUPLICATE_METHOD_MATCH = YES;
				CODE_SIGN_IDENTITY = "-";
				COPY_PHASE_STRIP = NO;
				DEBUG_INFORMATION_FORMAT = "dwarf-with-dsym";
				ENABLE_NS_ASSERTIONS = NO;
				ENABLE_STRICT_OBJC_MSGSEND = YES;
				GCC_C_LANGUAGE_STANDARD = gnu11;
				GCC_NO_COMMON_BLOCKS = YES;
				GCC_WARN_64_TO_32_BIT_CONVERSION = YES;
				GCC_WARN_ABOUT_RETURN_TYPE = YES_ERROR;
				GCC_WARN_UNDECLARED_SELECTOR = YES;
				GCC_WARN_UNINITIALIZED_AUTOS = YES_AGGRESSIVE;
				GCC_WARN_UNUSED_FUNCTION = YES;
				GCC_WARN_UNUSED_VARIABLE = YES;
				MACOSX_DEPLOYMENT_TARGET = 10.14;
				MTL_ENABLE_DEBUG_INFO = NO;
				MTL_FAST_MATH = YES;
				SDKROOT = macosx;
			};
			name = Release;
		};
		AD80E2AE226C7734005A0256 /* Debug */ = {
			isa = XCBuildConfiguration;
			buildSettings = {
				CODE_SIGN_STYLE = Automatic;
				PRODUCT_NAME = "$(TARGET_NAME)";
			};
			name = Debug;
		};
		AD80E2AF226C7734005A0256 /* Release */ = {
			isa = XCBuildConfiguration;
			buildSettings = {
				CODE_SIGN_STYLE = Automatic;
				PRODUCT_NAME = "$(TARGET_NAME)";
			};
			name = Release;
		};
/* End XCBuildConfiguration section */

/* Begin XCConfigurationList section */
		AD80E2A1226C7734005A0256 /* Build configuration list for PBXProject "XYAlogrithmExercise" */ = {
			isa = XCConfigurationList;
			buildConfigurations = (
				AD80E2AB226C7734005A0256 /* Debug */,
				AD80E2AC226C7734005A0256 /* Release */,
			);
			defaultConfigurationIsVisible = 0;
			defaultConfigurationName = Release;
		};
		AD80E2AD226C7734005A0256 /* Build configuration list for PBXNativeTarget "XYAlogrithmExercise" */ = {
			isa = XCConfigurationList;
			buildConfigurations = (
				AD80E2AE226C7734005A0256 /* Debug */,
				AD80E2AF226C7734005A0256 /* Release */,
			);
			defaultConfigurationIsVisible = 0;
			defaultConfigurationName = Release;
		};
/* End XCConfigurationList section */
	};
	rootObject = AD80E29E226C7734005A0256 /* Project object */;
}
