// !$*UTF8*$!
{
	archiveVersion = 1;
	classes = {
	};
	objectVersion = 50;
	objects = {

/* Begin PBXBuildFile section */
		86E1888725C2FDBF00C27E46 /* XYGreed.cpp in Sources */ = {isa = PBXBuildFile; fileRef = 86E1883A25C2FDBF00C27E46 /* XYGreed.cpp */; };
		86E1888825C2FDBF00C27E46 /* XYDp.cpp in Sources */ = {isa = PBXBuildFile; fileRef = 86E1883D25C2FDBF00C27E46 /* XYDp.cpp */; };
		86E1888925C2FDBF00C27E46 /* main.cpp in Sources */ = {isa = PBXBuildFile; fileRef = 86E1883E25C2FDBF00C27E46 /* main.cpp */; };
		86E1888A25C2FDBF00C27E46 /* _YYLinkedMap.m in Sources */ = {isa = PBXBuildFile; fileRef = 86E1884025C2FDBF00C27E46 /* _YYLinkedMap.m */; };
		86E1888B25C2FDBF00C27E46 /* XYCacheGoBack.cpp in Sources */ = {isa = PBXBuildFile; fileRef = 86E1884425C2FDBF00C27E46 /* XYCacheGoBack.cpp */; };
		86E1888C25C2FDBF00C27E46 /* XYCache.cpp in Sources */ = {isa = PBXBuildFile; fileRef = 86E1884525C2FDBF00C27E46 /* XYCache.cpp */; };
		86E1888F25C2FDBF00C27E46 /* XYChars.cpp in Sources */ = {isa = PBXBuildFile; fileRef = 86E1884C25C2FDBF00C27E46 /* XYChars.cpp */; };
		86E1889025C2FDBF00C27E46 /* XYLinkList.cpp in Sources */ = {isa = PBXBuildFile; fileRef = 86E1884F25C2FDBF00C27E46 /* XYLinkList.cpp */; };
		86E1889125C2FDBF00C27E46 /* XYCycleLinkList.c in Sources */ = {isa = PBXBuildFile; fileRef = 86E1885125C2FDBF00C27E46 /* XYCycleLinkList.c */; };
		86E1889225C2FDBF00C27E46 /* XYQueue.cpp in Sources */ = {isa = PBXBuildFile; fileRef = 86E1885425C2FDBF00C27E46 /* XYQueue.cpp */; };
		86E1889325C2FDBF00C27E46 /* XYHuiSu.cpp in Sources */ = {isa = PBXBuildFile; fileRef = 86E1885725C2FDBF00C27E46 /* XYHuiSu.cpp */; };
		86E1889425C2FDBF00C27E46 /* XYCheckSum.cpp in Sources */ = {isa = PBXBuildFile; fileRef = 86E1885C25C2FDBF00C27E46 /* XYCheckSum.cpp */; };
		86E1889525C2FDBF00C27E46 /* LeetCodeEveryDay.cpp in Sources */ = {isa = PBXBuildFile; fileRef = 86E1885F25C2FDBF00C27E46 /* LeetCodeEveryDay.cpp */; };
		86E1889625C2FDBF00C27E46 /* XYGeekTime.cpp in Sources */ = {isa = PBXBuildFile; fileRef = 86E1886125C2FDBF00C27E46 /* XYGeekTime.cpp */; };
		86E1889725C2FDBF00C27E46 /* LeetCodeSolution_goback.cpp in Sources */ = {isa = PBXBuildFile; fileRef = 86E1886225C2FDBF00C27E46 /* LeetCodeSolution_goback.cpp */; };
		86E1889825C2FDBF00C27E46 /* LeetCodeSolution.cpp in Sources */ = {isa = PBXBuildFile; fileRef = 86E1886425C2FDBF00C27E46 /* LeetCodeSolution.cpp */; };
		86E1889925C2FDBF00C27E46 /* jianzhiOffer.cpp in Sources */ = {isa = PBXBuildFile; fileRef = 86E1886525C2FDBF00C27E46 /* jianzhiOffer.cpp */; };
		86E1889A25C2FDBF00C27E46 /* XYBAT.cpp in Sources */ = {isa = PBXBuildFile; fileRef = 86E1886625C2FDBF00C27E46 /* XYBAT.cpp */; };
		86E1889B25C2FDBF00C27E46 /* XYSort_goback.cpp in Sources */ = {isa = PBXBuildFile; fileRef = 86E1886825C2FDBF00C27E46 /* XYSort_goback.cpp */; };
		86E1889C25C2FDBF00C27E46 /* XYSort.cpp in Sources */ = {isa = PBXBuildFile; fileRef = 86E1886A25C2FDBF00C27E46 /* XYSort.cpp */; };
		86E1889D25C2FDBF00C27E46 /* XYStack.cpp in Sources */ = {isa = PBXBuildFile; fileRef = 86E1886D25C2FDBF00C27E46 /* XYStack.cpp */; };
		86E1889E25C2FDBF00C27E46 /* XYArrayChars.cpp in Sources */ = {isa = PBXBuildFile; fileRef = 86E1887125C2FDBF00C27E46 /* XYArrayChars.cpp */; };
		86E1889F25C2FDBF00C27E46 /* XYHeap.cpp in Sources */ = {isa = PBXBuildFile; fileRef = 86E1887525C2FDBF00C27E46 /* XYHeap.cpp */; };
		86E188A025C2FDBF00C27E46 /* XYSearch.cpp in Sources */ = {isa = PBXBuildFile; fileRef = 86E1887725C2FDBF00C27E46 /* XYSearch.cpp */; };
		86E188A125C2FDBF00C27E46 /* XYFenZhi.cpp in Sources */ = {isa = PBXBuildFile; fileRef = 86E1887B25C2FDBF00C27E46 /* XYFenZhi.cpp */; };
		86E188A325C2FDBF00C27E46 /* XYAVLTree.cpp in Sources */ = {isa = PBXBuildFile; fileRef = 86E1888025C2FDBF00C27E46 /* XYAVLTree.cpp */; };
		86E188A425C2FDBF00C27E46 /* XYTree.cpp in Sources */ = {isa = PBXBuildFile; fileRef = 86E1888225C2FDBF00C27E46 /* XYTree.cpp */; };
		86E188A525C2FDBF00C27E46 /* XYBSTree.cpp in Sources */ = {isa = PBXBuildFile; fileRef = 86E1888325C2FDBF00C27E46 /* XYBSTree.cpp */; };
/* End PBXBuildFile section */

/* Begin PBXCopyFilesBuildPhase section */
		AD80E2A4226C7734005A0256 /* CopyFiles */ = {
			isa = PBXCopyFilesBuildPhase;
			buildActionMask = 2147483647;
			dstPath = /usr/share/man/man1/;
			dstSubfolderSpec = 0;
			files = (
			);
			runOnlyForDeploymentPostprocessing = 1;
		};
/* End PBXCopyFilesBuildPhase section */

/* Begin PBXFileReference section */
		86E1883925C2FDBF00C27E46 /* XYGreed.hpp */ = {isa = PBXFileReference; fileEncoding = 4; lastKnownFileType = sourcecode.cpp.h; path = XYGreed.hpp; sourceTree = "<group>"; };
		86E1883A25C2FDBF00C27E46 /* XYGreed.cpp */ = {isa = PBXFileReference; fileEncoding = 4; lastKnownFileType = sourcecode.cpp.cpp; path = XYGreed.cpp; sourceTree = "<group>"; };
		86E1883C25C2FDBF00C27E46 /* XYDp.hpp */ = {isa = PBXFileReference; fileEncoding = 4; lastKnownFileType = sourcecode.cpp.h; path = XYDp.hpp; sourceTree = "<group>"; };
		86E1883D25C2FDBF00C27E46 /* XYDp.cpp */ = {isa = PBXFileReference; fileEncoding = 4; lastKnownFileType = sourcecode.cpp.cpp; path = XYDp.cpp; sourceTree = "<group>"; };
		86E1883E25C2FDBF00C27E46 /* main.cpp */ = {isa = PBXFileReference; fileEncoding = 4; lastKnownFileType = sourcecode.cpp.cpp; path = main.cpp; sourceTree = "<group>"; };
		86E1884025C2FDBF00C27E46 /* _YYLinkedMap.m */ = {isa = PBXFileReference; fileEncoding = 4; lastKnownFileType = sourcecode.c.objc; path = _YYLinkedMap.m; sourceTree = "<group>"; };
		86E1884125C2FDBF00C27E46 /* XYCache.hpp */ = {isa = PBXFileReference; fileEncoding = 4; lastKnownFileType = sourcecode.cpp.h; path = XYCache.hpp; sourceTree = "<group>"; };
		86E1884225C2FDBF00C27E46 /* XYCacheGoBack.hpp */ = {isa = PBXFileReference; fileEncoding = 4; lastKnownFileType = sourcecode.cpp.h; path = XYCacheGoBack.hpp; sourceTree = "<group>"; };
		86E1884325C2FDBF00C27E46 /* _YYLinkedMap.h */ = {isa = PBXFileReference; fileEncoding = 4; lastKnownFileType = sourcecode.c.h; path = _YYLinkedMap.h; sourceTree = "<group>"; };
		86E1884425C2FDBF00C27E46 /* XYCacheGoBack.cpp */ = {isa = PBXFileReference; fileEncoding = 4; lastKnownFileType = sourcecode.cpp.cpp; path = XYCacheGoBack.cpp; sourceTree = "<group>"; };
		86E1884525C2FDBF00C27E46 /* XYCache.cpp */ = {isa = PBXFileReference; fileEncoding = 4; lastKnownFileType = sourcecode.cpp.cpp; path = XYCache.cpp; sourceTree = "<group>"; };
		86E1884B25C2FDBF00C27E46 /* XYChars.hpp */ = {isa = PBXFileReference; fileEncoding = 4; lastKnownFileType = sourcecode.cpp.h; path = XYChars.hpp; sourceTree = "<group>"; };
		86E1884C25C2FDBF00C27E46 /* XYChars.cpp */ = {isa = PBXFileReference; fileEncoding = 4; lastKnownFileType = sourcecode.cpp.cpp; path = XYChars.cpp; sourceTree = "<group>"; };
		86E1884E25C2FDBF00C27E46 /* XYCycleLinkList.h */ = {isa = PBXFileReference; fileEncoding = 4; lastKnownFileType = sourcecode.c.h; path = XYCycleLinkList.h; sourceTree = "<group>"; };
		86E1884F25C2FDBF00C27E46 /* XYLinkList.cpp */ = {isa = PBXFileReference; fileEncoding = 4; lastKnownFileType = sourcecode.cpp.cpp; path = XYLinkList.cpp; sourceTree = "<group>"; };
		86E1885025C2FDBF00C27E46 /* XYLinkList.hpp */ = {isa = PBXFileReference; fileEncoding = 4; lastKnownFileType = sourcecode.cpp.h; path = XYLinkList.hpp; sourceTree = "<group>"; };
		86E1885125C2FDBF00C27E46 /* XYCycleLinkList.c */ = {isa = PBXFileReference; fileEncoding = 4; lastKnownFileType = sourcecode.c.c; path = XYCycleLinkList.c; sourceTree = "<group>"; };
		86E1885325C2FDBF00C27E46 /* XYQueue.hpp */ = {isa = PBXFileReference; fileEncoding = 4; lastKnownFileType = sourcecode.cpp.h; path = XYQueue.hpp; sourceTree = "<group>"; };
		86E1885425C2FDBF00C27E46 /* XYQueue.cpp */ = {isa = PBXFileReference; fileEncoding = 4; lastKnownFileType = sourcecode.cpp.cpp; path = XYQueue.cpp; sourceTree = "<group>"; };
		86E1885625C2FDBF00C27E46 /* XYHuiSu.hpp */ = {isa = PBXFileReference; fileEncoding = 4; lastKnownFileType = sourcecode.cpp.h; path = XYHuiSu.hpp; sourceTree = "<group>"; };
		86E1885725C2FDBF00C27E46 /* XYHuiSu.cpp */ = {isa = PBXFileReference; fileEncoding = 4; lastKnownFileType = sourcecode.cpp.cpp; path = XYHuiSu.cpp; sourceTree = "<group>"; };
		86E1885925C2FDBF00C27E46 /* LeetCodeSolution.hpp */ = {isa = PBXFileReference; fileEncoding = 4; lastKnownFileType = sourcecode.cpp.h; path = LeetCodeSolution.hpp; sourceTree = "<group>"; };
		86E1885A25C2FDBF00C27E46 /* jianzhiOffer.hpp */ = {isa = PBXFileReference; fileEncoding = 4; lastKnownFileType = sourcecode.cpp.h; path = jianzhiOffer.hpp; sourceTree = "<group>"; };
		86E1885B25C2FDBF00C27E46 /* XYBAT.hpp */ = {isa = PBXFileReference; fileEncoding = 4; lastKnownFileType = sourcecode.cpp.h; path = XYBAT.hpp; sourceTree = "<group>"; };
		86E1885C25C2FDBF00C27E46 /* XYCheckSum.cpp */ = {isa = PBXFileReference; fileEncoding = 4; lastKnownFileType = sourcecode.cpp.cpp; path = XYCheckSum.cpp; sourceTree = "<group>"; };
		86E1885D25C2FDBF00C27E46 /* XYGeekTime.hpp */ = {isa = PBXFileReference; fileEncoding = 4; lastKnownFileType = sourcecode.cpp.h; path = XYGeekTime.hpp; sourceTree = "<group>"; };
		86E1885E25C2FDBF00C27E46 /* LeetCodeSolution_goback.hpp */ = {isa = PBXFileReference; fileEncoding = 4; lastKnownFileType = sourcecode.cpp.h; path = LeetCodeSolution_goback.hpp; sourceTree = "<group>"; };
		86E1885F25C2FDBF00C27E46 /* LeetCodeEveryDay.cpp */ = {isa = PBXFileReference; fileEncoding = 4; lastKnownFileType = sourcecode.cpp.cpp; path = LeetCodeEveryDay.cpp; sourceTree = "<group>"; };
		86E1886025C2FDBF00C27E46 /* XYCheckSum.hpp */ = {isa = PBXFileReference; fileEncoding = 4; lastKnownFileType = sourcecode.cpp.h; path = XYCheckSum.hpp; sourceTree = "<group>"; };
		86E1886125C2FDBF00C27E46 /* XYGeekTime.cpp */ = {isa = PBXFileReference; fileEncoding = 4; lastKnownFileType = sourcecode.cpp.cpp; path = XYGeekTime.cpp; sourceTree = "<group>"; };
		86E1886225C2FDBF00C27E46 /* LeetCodeSolution_goback.cpp */ = {isa = PBXFileReference; fileEncoding = 4; lastKnownFileType = sourcecode.cpp.cpp; path = LeetCodeSolution_goback.cpp; sourceTree = "<group>"; };
		86E1886325C2FDBF00C27E46 /* LeetCodeEveryDay.hpp */ = {isa = PBXFileReference; fileEncoding = 4; lastKnownFileType = sourcecode.cpp.h; path = LeetCodeEveryDay.hpp; sourceTree = "<group>"; };
		86E1886425C2FDBF00C27E46 /* LeetCodeSolution.cpp */ = {isa = PBXFileReference; fileEncoding = 4; lastKnownFileType = sourcecode.cpp.cpp; path = LeetCodeSolution.cpp; sourceTree = "<group>"; };
		86E1886525C2FDBF00C27E46 /* jianzhiOffer.cpp */ = {isa = PBXFileReference; fileEncoding = 4; lastKnownFileType = sourcecode.cpp.cpp; path = jianzhiOffer.cpp; sourceTree = "<group>"; };
		86E1886625C2FDBF00C27E46 /* XYBAT.cpp */ = {isa = PBXFileReference; fileEncoding = 4; lastKnownFileType = sourcecode.cpp.cpp; path = XYBAT.cpp; sourceTree = "<group>"; };
		86E1886825C2FDBF00C27E46 /* XYSort_goback.cpp */ = {isa = PBXFileReference; fileEncoding = 4; lastKnownFileType = sourcecode.cpp.cpp; path = XYSort_goback.cpp; sourceTree = "<group>"; };
		86E1886925C2FDBF00C27E46 /* XYSort.hpp */ = {isa = PBXFileReference; fileEncoding = 4; lastKnownFileType = sourcecode.cpp.h; path = XYSort.hpp; sourceTree = "<group>"; };
		86E1886A25C2FDBF00C27E46 /* XYSort.cpp */ = {isa = PBXFileReference; fileEncoding = 4; lastKnownFileType = sourcecode.cpp.cpp; path = XYSort.cpp; sourceTree = "<group>"; };
		86E1886B25C2FDBF00C27E46 /* XYSort_goback.hpp */ = {isa = PBXFileReference; fileEncoding = 4; lastKnownFileType = sourcecode.cpp.h; path = XYSort_goback.hpp; sourceTree = "<group>"; };
		86E1886D25C2FDBF00C27E46 /* XYStack.cpp */ = {isa = PBXFileReference; fileEncoding = 4; lastKnownFileType = sourcecode.cpp.cpp; path = XYStack.cpp; sourceTree = "<group>"; };
		86E1886E25C2FDBF00C27E46 /* XYStack.hpp */ = {isa = PBXFileReference; fileEncoding = 4; lastKnownFileType = sourcecode.cpp.h; path = XYStack.hpp; sourceTree = "<group>"; };
		86E1887025C2FDBF00C27E46 /* XYArrayChars.hpp */ = {isa = PBXFileReference; fileEncoding = 4; lastKnownFileType = sourcecode.cpp.h; path = XYArrayChars.hpp; sourceTree = "<group>"; };
		86E1887125C2FDBF00C27E46 /* XYArrayChars.cpp */ = {isa = PBXFileReference; fileEncoding = 4; lastKnownFileType = sourcecode.cpp.cpp; path = XYArrayChars.cpp; sourceTree = "<group>"; };
		86E1887425C2FDBF00C27E46 /* XYHeap.hpp */ = {isa = PBXFileReference; fileEncoding = 4; lastKnownFileType = sourcecode.cpp.h; path = XYHeap.hpp; sourceTree = "<group>"; };
		86E1887525C2FDBF00C27E46 /* XYHeap.cpp */ = {isa = PBXFileReference; fileEncoding = 4; lastKnownFileType = sourcecode.cpp.cpp; path = XYHeap.cpp; sourceTree = "<group>"; };
		86E1887725C2FDBF00C27E46 /* XYSearch.cpp */ = {isa = PBXFileReference; fileEncoding = 4; lastKnownFileType = sourcecode.cpp.cpp; path = XYSearch.cpp; sourceTree = "<group>"; };
		86E1887825C2FDBF00C27E46 /* XYSearch.hpp */ = {isa = PBXFileReference; fileEncoding = 4; lastKnownFileType = sourcecode.cpp.h; path = XYSearch.hpp; sourceTree = "<group>"; };
		86E1887B25C2FDBF00C27E46 /* XYFenZhi.cpp */ = {isa = PBXFileReference; fileEncoding = 4; lastKnownFileType = sourcecode.cpp.cpp; path = XYFenZhi.cpp; sourceTree = "<group>"; };
		86E1887C25C2FDBF00C27E46 /* XYFenZhi.hpp */ = {isa = PBXFileReference; fileEncoding = 4; lastKnownFileType = sourcecode.cpp.h; path = XYFenZhi.hpp; sourceTree = "<group>"; };
		86E1887F25C2FDBF00C27E46 /* XYBSTree.hpp */ = {isa = PBXFileReference; fileEncoding = 4; lastKnownFileType = sourcecode.cpp.h; path = XYBSTree.hpp; sourceTree = "<group>"; };
		86E1888025C2FDBF00C27E46 /* XYAVLTree.cpp */ = {isa = PBXFileReference; fileEncoding = 4; lastKnownFileType = sourcecode.cpp.cpp; path = XYAVLTree.cpp; sourceTree = "<group>"; };
		86E1888125C2FDBF00C27E46 /* XYTree.hpp */ = {isa = PBXFileReference; fileEncoding = 4; lastKnownFileType = sourcecode.cpp.h; path = XYTree.hpp; sourceTree = "<group>"; };
		86E1888225C2FDBF00C27E46 /* XYTree.cpp */ = {isa = PBXFileReference; fileEncoding = 4; lastKnownFileType = sourcecode.cpp.cpp; path = XYTree.cpp; sourceTree = "<group>"; };
		86E1888325C2FDBF00C27E46 /* XYBSTree.cpp */ = {isa = PBXFileReference; fileEncoding = 4; lastKnownFileType = sourcecode.cpp.cpp; path = XYBSTree.cpp; sourceTree = "<group>"; };
		86E1888425C2FDBF00C27E46 /* XYAVLTree.hpp */ = {isa = PBXFileReference; fileEncoding = 4; lastKnownFileType = sourcecode.cpp.h; path = XYAVLTree.hpp; sourceTree = "<group>"; };
		AD80E2A6226C7734005A0256 /* XYAlogrithmExercise */ = {isa = PBXFileReference; explicitFileType = "compiled.mach-o.executable"; includeInIndex = 0; path = XYAlogrithmExercise; sourceTree = BUILT_PRODUCTS_DIR; };
/* End PBXFileReference section */

/* Begin PBXFrameworksBuildPhase section */
		AD80E2A3226C7734005A0256 /* Frameworks */ = {
			isa = PBXFrameworksBuildPhase;
			buildActionMask = 2147483647;
			files = (
			);
			runOnlyForDeploymentPostprocessing = 0;
		};
/* End PBXFrameworksBuildPhase section */

/* Begin PBXGroup section */
		86E1883825C2FDBF00C27E46 /* Greed */ = {
			isa = PBXGroup;
			children = (
				86E1883925C2FDBF00C27E46 /* XYGreed.hpp */,
				86E1883A25C2FDBF00C27E46 /* XYGreed.cpp */,
			);
			path = Greed;
			sourceTree = "<group>";
		};
		86E1883B25C2FDBF00C27E46 /* DP */ = {
			isa = PBXGroup;
			children = (
				86E1883C25C2FDBF00C27E46 /* XYDp.hpp */,
				86E1883D25C2FDBF00C27E46 /* XYDp.cpp */,
			);
			path = DP;
			sourceTree = "<group>";
		};
		86E1883F25C2FDBF00C27E46 /* Cache */ = {
			isa = PBXGroup;
			children = (
				86E1884325C2FDBF00C27E46 /* _YYLinkedMap.h */,
				86E1884025C2FDBF00C27E46 /* _YYLinkedMap.m */,
				86E1884125C2FDBF00C27E46 /* XYCache.hpp */,
				86E1884525C2FDBF00C27E46 /* XYCache.cpp */,
				86E1884225C2FDBF00C27E46 /* XYCacheGoBack.hpp */,
				86E1884425C2FDBF00C27E46 /* XYCacheGoBack.cpp */,
			);
			path = Cache;
			sourceTree = "<group>";
		};
		86E1884A25C2FDBF00C27E46 /* Chars */ = {
			isa = PBXGroup;
			children = (
				86E1884B25C2FDBF00C27E46 /* XYChars.hpp */,
				86E1884C25C2FDBF00C27E46 /* XYChars.cpp */,
			);
			path = Chars;
			sourceTree = "<group>";
		};
		86E1884D25C2FDBF00C27E46 /* LinkList */ = {
			isa = PBXGroup;
			children = (
				86E1884E25C2FDBF00C27E46 /* XYCycleLinkList.h */,
				86E1885125C2FDBF00C27E46 /* XYCycleLinkList.c */,
				86E1884F25C2FDBF00C27E46 /* XYLinkList.cpp */,
				86E1885025C2FDBF00C27E46 /* XYLinkList.hpp */,
			);
			path = LinkList;
			sourceTree = "<group>";
		};
		86E1885225C2FDBF00C27E46 /* Queue */ = {
			isa = PBXGroup;
			children = (
				86E1885325C2FDBF00C27E46 /* XYQueue.hpp */,
				86E1885425C2FDBF00C27E46 /* XYQueue.cpp */,
			);
			path = Queue;
			sourceTree = "<group>";
		};
		86E1885525C2FDBF00C27E46 /* HuiSu */ = {
			isa = PBXGroup;
			children = (
				86E1885625C2FDBF00C27E46 /* XYHuiSu.hpp */,
				86E1885725C2FDBF00C27E46 /* XYHuiSu.cpp */,
			);
			path = HuiSu;
			sourceTree = "<group>";
		};
		86E1885825C2FDBF00C27E46 /* LeetCode */ = {
			isa = PBXGroup;
			children = (
				86E1885925C2FDBF00C27E46 /* LeetCodeSolution.hpp */,
				86E1886425C2FDBF00C27E46 /* LeetCodeSolution.cpp */,
				86E1885A25C2FDBF00C27E46 /* jianzhiOffer.hpp */,
				86E1886525C2FDBF00C27E46 /* jianzhiOffer.cpp */,
				86E1885B25C2FDBF00C27E46 /* XYBAT.hpp */,
				86E1886625C2FDBF00C27E46 /* XYBAT.cpp */,
				86E1886025C2FDBF00C27E46 /* XYCheckSum.hpp */,
				86E1885C25C2FDBF00C27E46 /* XYCheckSum.cpp */,
				86E1885D25C2FDBF00C27E46 /* XYGeekTime.hpp */,
				86E1886125C2FDBF00C27E46 /* XYGeekTime.cpp */,
				86E1885E25C2FDBF00C27E46 /* LeetCodeSolution_goback.hpp */,
				86E1886225C2FDBF00C27E46 /* LeetCodeSolution_goback.cpp */,
				86E1886325C2FDBF00C27E46 /* LeetCodeEveryDay.hpp */,
				86E1885F25C2FDBF00C27E46 /* LeetCodeEveryDay.cpp */,
			);
			path = LeetCode;
			sourceTree = "<group>";
		};
		86E1886725C2FDBF00C27E46 /* Sort */ = {
			isa = PBXGroup;
			children = (
				86E1886B25C2FDBF00C27E46 /* XYSort_goback.hpp */,
				86E1886825C2FDBF00C27E46 /* XYSort_goback.cpp */,
				86E1886925C2FDBF00C27E46 /* XYSort.hpp */,
				86E1886A25C2FDBF00C27E46 /* XYSort.cpp */,
			);
			path = Sort;
			sourceTree = "<group>";
		};
		86E1886C25C2FDBF00C27E46 /* Stack */ = {
			isa = PBXGroup;
			children = (
				86E1886D25C2FDBF00C27E46 /* XYStack.cpp */,
				86E1886E25C2FDBF00C27E46 /* XYStack.hpp */,
			);
			path = Stack;
			sourceTree = "<group>";
		};
		86E1886F25C2FDBF00C27E46 /* Array */ = {
			isa = PBXGroup;
			children = (
				86E1887025C2FDBF00C27E46 /* XYArrayChars.hpp */,
				86E1887125C2FDBF00C27E46 /* XYArrayChars.cpp */,
			);
			path = Array;
			sourceTree = "<group>";
		};
		86E1887325C2FDBF00C27E46 /* Heap */ = {
			isa = PBXGroup;
			children = (
				86E1887425C2FDBF00C27E46 /* XYHeap.hpp */,
				86E1887525C2FDBF00C27E46 /* XYHeap.cpp */,
			);
			path = Heap;
			sourceTree = "<group>";
		};
		86E1887625C2FDBF00C27E46 /* Search */ = {
			isa = PBXGroup;
			children = (
				86E1887825C2FDBF00C27E46 /* XYSearch.hpp */,
				86E1887725C2FDBF00C27E46 /* XYSearch.cpp */,
			);
			path = Search;
			sourceTree = "<group>";
		};
		86E1887A25C2FDBF00C27E46 /* FenZhi */ = {
			isa = PBXGroup;
			children = (
				86E1887B25C2FDBF00C27E46 /* XYFenZhi.cpp */,
				86E1887C25C2FDBF00C27E46 /* XYFenZhi.hpp */,
			);
			path = FenZhi;
			sourceTree = "<group>";
		};
		86E1887E25C2FDBF00C27E46 /* Tree */ = {
			isa = PBXGroup;
			children = (
				86E1887F25C2FDBF00C27E46 /* XYBSTree.hpp */,
				86E1888325C2FDBF00C27E46 /* XYBSTree.cpp */,
				86E1888425C2FDBF00C27E46 /* XYAVLTree.hpp */,
				86E1888025C2FDBF00C27E46 /* XYAVLTree.cpp */,
				86E1888125C2FDBF00C27E46 /* XYTree.hpp */,
				86E1888225C2FDBF00C27E46 /* XYTree.cpp */,
			);
			path = Tree;
			sourceTree = "<group>";
		};
		AD80E29D226C7734005A0256 = {
			isa = PBXGroup;
			children = (
				AD80E2A8226C7734005A0256 /* XYAlogrithmExercise */,
				AD80E2A7226C7734005A0256 /* Products */,
			);
			sourceTree = "<group>";
		};
		AD80E2A7226C7734005A0256 /* Products */ = {
			isa = PBXGroup;
			children = (
				AD80E2A6226C7734005A0256 /* XYAlogrithmExercise */,
			);
			name = Products;
			sourceTree = "<group>";
		};
		AD80E2A8226C7734005A0256 /* XYAlogrithmExercise */ = {
			isa = PBXGroup;
			children = (
				86E1886F25C2FDBF00C27E46 /* Array */,
				86E1883F25C2FDBF00C27E46 /* Cache */,
				86E1884A25C2FDBF00C27E46 /* Chars */,
				86E1883B25C2FDBF00C27E46 /* DP */,
				86E1887A25C2FDBF00C27E46 /* FenZhi */,
				86E1883825C2FDBF00C27E46 /* Greed */,
				86E1887325C2FDBF00C27E46 /* Heap */,
				86E1885525C2FDBF00C27E46 /* HuiSu */,
				86E1885825C2FDBF00C27E46 /* LeetCode */,
				86E1884D25C2FDBF00C27E46 /* LinkList */,
				86E1883E25C2FDBF00C27E46 /* main.cpp */,
				86E1885225C2FDBF00C27E46 /* Queue */,
				86E1887625C2FDBF00C27E46 /* Search */,
				86E1886725C2FDBF00C27E46 /* Sort */,
				86E1886C25C2FDBF00C27E46 /* Stack */,
				86E1887E25C2FDBF00C27E46 /* Tree */,
			);
			path = XYAlogrithmExercise;
			sourceTree = "<group>";
		};
/* End PBXGroup section */

/* Begin PBXNativeTarget section */
		AD80E2A5226C7734005A0256 /* XYAlogrithmExercise */ = {
			isa = PBXNativeTarget;
			buildConfigurationList = AD80E2AD226C7734005A0256 /* Build configuration list for PBXNativeTarget "XYAlogrithmExercise" */;
			buildPhases = (
				AD80E2A2226C7734005A0256 /* Sources */,
				AD80E2A3226C7734005A0256 /* Frameworks */,
				AD80E2A4226C7734005A0256 /* CopyFiles */,
			);
			buildRules = (
			);
			dependencies = (
			);
			name = XYAlogrithmExercise;
			productName = XYAlogrithmExercise;
			productReference = AD80E2A6226C7734005A0256 /* XYAlogrithmExercise */;
			productType = "com.apple.product-type.tool";
		};
/* End PBXNativeTarget section */

/* Begin PBXProject section */
		AD80E29E226C7734005A0256 /* Project object */ = {
			isa = PBXProject;
			attributes = {
				LastUpgradeCheck = 1010;
				ORGANIZATIONNAME = Yanci;
				TargetAttributes = {
					AD80E2A5226C7734005A0256 = {
						CreatedOnToolsVersion = 10.1;
					};
				};
			};
			buildConfigurationList = AD80E2A1226C7734005A0256 /* Build configuration list for PBXProject "XYAlogrithmExercise" */;
			compatibilityVersion = "Xcode 9.3";
			developmentRegion = en;
			hasScannedForEncodings = 0;
			knownRegions = (
				en,
			);
			mainGroup = AD80E29D226C7734005A0256;
			productRefGroup = AD80E2A7226C7734005A0256 /* Products */;
			projectDirPath = "";
			projectRoot = "";
			targets = (
				AD80E2A5226C7734005A0256 /* XYAlogrithmExercise */,
			);
		};
/* End PBXProject section */

/* Begin PBXSourcesBuildPhase section */
		AD80E2A2226C7734005A0256 /* Sources */ = {
			isa = PBXSourcesBuildPhase;
			buildActionMask = 2147483647;
			files = (
				86E1889B25C2FDBF00C27E46 /* XYSort_goback.cpp in Sources */,
				86E1888F25C2FDBF00C27E46 /* XYChars.cpp in Sources */,
				86E1889925C2FDBF00C27E46 /* jianzhiOffer.cpp in Sources */,
				86E188A025C2FDBF00C27E46 /* XYSearch.cpp in Sources */,
				86E1889F25C2FDBF00C27E46 /* XYHeap.cpp in Sources */,
				86E188A325C2FDBF00C27E46 /* XYAVLTree.cpp in Sources */,
				86E1889E25C2FDBF00C27E46 /* XYArrayChars.cpp in Sources */,
				86E1889C25C2FDBF00C27E46 /* XYSort.cpp in Sources */,
				86E1889725C2FDBF00C27E46 /* LeetCodeSolution_goback.cpp in Sources */,
				86E1889425C2FDBF00C27E46 /* XYCheckSum.cpp in Sources */,
				86E1888C25C2FDBF00C27E46 /* XYCache.cpp in Sources */,
				86E1889125C2FDBF00C27E46 /* XYCycleLinkList.c in Sources */,
				86E1888A25C2FDBF00C27E46 /* _YYLinkedMap.m in Sources */,
				86E1889525C2FDBF00C27E46 /* LeetCodeEveryDay.cpp in Sources */,
				86E1889625C2FDBF00C27E46 /* XYGeekTime.cpp in Sources */,
				86E1889A25C2FDBF00C27E46 /* XYBAT.cpp in Sources */,
				86E1888825C2FDBF00C27E46 /* XYDp.cpp in Sources */,
				86E1889D25C2FDBF00C27E46 /* XYStack.cpp in Sources */,
				86E1888925C2FDBF00C27E46 /* main.cpp in Sources */,
				86E1888725C2FDBF00C27E46 /* XYGreed.cpp in Sources */,
				86E1889825C2FDBF00C27E46 /* LeetCodeSolution.cpp in Sources */,
				86E1889325C2FDBF00C27E46 /* XYHuiSu.cpp in Sources */,
				86E188A125C2FDBF00C27E46 /* XYFenZhi.cpp in Sources */,
				86E188A425C2FDBF00C27E46 /* XYTree.cpp in Sources */,
				86E1889025C2FDBF00C27E46 /* XYLinkList.cpp in Sources */,
				86E1889225C2FDBF00C27E46 /* XYQueue.cpp in Sources */,
				86E1888B25C2FDBF00C27E46 /* XYCacheGoBack.cpp in Sources */,
				86E188A525C2FDBF00C27E46 /* XYBSTree.cpp in Sources */,
			);
			runOnlyForDeploymentPostprocessing = 0;
		};
/* End PBXSourcesBuildPhase section */

/* Begin XCBuildConfiguration section */
		AD80E2AB226C7734005A0256 /* Debug */ = {
			isa = XCBuildConfiguration;
			buildSettings = {
				ALWAYS_SEARCH_USER_PATHS = NO;
				CLANG_ANALYZER_NONNULL = YES;
				CLANG_ANALYZER_NUMBER_OBJECT_CONVERSION = YES_AGGRESSIVE;
				CLANG_CXX_LANGUAGE_STANDARD = "gnu++14";
				CLANG_CXX_LIBRARY = "libc++";
				CLANG_ENABLE_MODULES = YES;
				CLANG_ENABLE_OBJC_ARC = YES;
				CLANG_ENABLE_OBJC_WEAK = YES;
				CLANG_WARN_BLOCK_CAPTURE_AUTORELEASING = YES;
				CLANG_WARN_BOOL_CONVERSION = YES;
				CLANG_WARN_COMMA = YES;
				CLANG_WARN_CONSTANT_CONVERSION = YES;
				CLANG_WARN_DEPRECATED_OBJC_IMPLEMENTATIONS = YES;
				CLANG_WARN_DIRECT_OBJC_ISA_USAGE = YES_ERROR;
				CLANG_WARN_DOCUMENTATION_COMMENTS = YES;
				CLANG_WARN_EMPTY_BODY = YES;
				CLANG_WARN_ENUM_CONVERSION = YES;
				CLANG_WARN_INFINITE_RECURSION = YES;
				CLANG_WARN_INT_CONVERSION = YES;
				CLANG_WARN_NON_LITERAL_NULL_CONVERSION = YES;
				CLANG_WARN_OBJC_IMPLICIT_RETAIN_SELF = YES;
				CLANG_WARN_OBJC_LITERAL_CONVERSION = YES;
				CLANG_WARN_OBJC_ROOT_CLASS = YES_ERROR;
				CLANG_WARN_RANGE_LOOP_ANALYSIS = YES;
				CLANG_WARN_STRICT_PROTOTYPES = YES;
				CLANG_WARN_SUSPICIOUS_MOVE = YES;
				CLANG_WARN_UNGUARDED_AVAILABILITY = YES_AGGRESSIVE;
				CLANG_WARN_UNREACHABLE_CODE = YES;
				CLANG_WARN__DUPLICATE_METHOD_MATCH = YES;
				CODE_SIGN_IDENTITY = "-";
				COPY_PHASE_STRIP = NO;
				DEBUG_INFORMATION_FORMAT = dwarf;
				ENABLE_STRICT_OBJC_MSGSEND = YES;
				ENABLE_TESTABILITY = YES;
				GCC_C_LANGUAGE_STANDARD = gnu11;
				GCC_DYNAMIC_NO_PIC = NO;
				GCC_NO_COMMON_BLOCKS = YES;
				GCC_OPTIMIZATION_LEVEL = 0;
				GCC_PREPROCESSOR_DEFINITIONS = (
					"DEBUG=1",
					"$(inherited)",
				);
				GCC_WARN_64_TO_32_BIT_CONVERSION = YES;
				GCC_WARN_ABOUT_RETURN_TYPE = YES_ERROR;
				GCC_WARN_UNDECLARED_SELECTOR = YES;
				GCC_WARN_UNINITIALIZED_AUTOS = YES_AGGRESSIVE;
				GCC_WARN_UNUSED_FUNCTION = YES;
				GCC_WARN_UNUSED_VARIABLE = YES;
				MACOSX_DEPLOYMENT_TARGET = 10.14;
				MTL_ENABLE_DEBUG_INFO = INCLUDE_SOURCE;
				MTL_FAST_MATH = YES;
				ONLY_ACTIVE_ARCH = YES;
				SDKROOT = macosx;
			};
			name = Debug;
		};
		AD80E2AC226C7734005A0256 /* Release */ = {
			isa = XCBuildConfiguration;
			buildSettings = {
				ALWAYS_SEARCH_USER_PATHS = NO;
				CLANG_ANALYZER_NONNULL = YES;
				CLANG_ANALYZER_NUMBER_OBJECT_CONVERSION = YES_AGGRESSIVE;
				CLANG_CXX_LANGUAGE_STANDARD = "gnu++14";
				CLANG_CXX_LIBRARY = "libc++";
				CLANG_ENABLE_MODULES = YES;
				CLANG_ENABLE_OBJC_ARC = YES;
				CLANG_ENABLE_OBJC_WEAK = YES;
				CLANG_WARN_BLOCK_CAPTURE_AUTORELEASING = YES;
				CLANG_WARN_BOOL_CONVERSION = YES;
				CLANG_WARN_COMMA = YES;
				CLANG_WARN_CONSTANT_CONVERSION = YES;
				CLANG_WARN_DEPRECATED_OBJC_IMPLEMENTATIONS = YES;
				CLANG_WARN_DIRECT_OBJC_ISA_USAGE = YES_ERROR;
				CLANG_WARN_DOCUMENTATION_COMMENTS = YES;
				CLANG_WARN_EMPTY_BODY = YES;
				CLANG_WARN_ENUM_CONVERSION = YES;
				CLANG_WARN_INFINITE_RECURSION = YES;
				CLANG_WARN_INT_CONVERSION = YES;
				CLANG_WARN_NON_LITERAL_NULL_CONVERSION = YES;
				CLANG_WARN_OBJC_IMPLICIT_RETAIN_SELF = YES;
				CLANG_WARN_OBJC_LITERAL_CONVERSION = YES;
				CLANG_WARN_OBJC_ROOT_CLASS = YES_ERROR;
				CLANG_WARN_RANGE_LOOP_ANALYSIS = YES;
				CLANG_WARN_STRICT_PROTOTYPES = YES;
				CLANG_WARN_SUSPICIOUS_MOVE = YES;
				CLANG_WARN_UNGUARDED_AVAILABILITY = YES_AGGRESSIVE;
				CLANG_WARN_UNREACHABLE_CODE = YES;
				CLANG_WARN__DUPLICATE_METHOD_MATCH = YES;
				CODE_SIGN_IDENTITY = "-";
				COPY_PHASE_STRIP = NO;
				DEBUG_INFORMATION_FORMAT = "dwarf-with-dsym";
				ENABLE_NS_ASSERTIONS = NO;
				ENABLE_STRICT_OBJC_MSGSEND = YES;
				GCC_C_LANGUAGE_STANDARD = gnu11;
				GCC_NO_COMMON_BLOCKS = YES;
				GCC_WARN_64_TO_32_BIT_CONVERSION = YES;
				GCC_WARN_ABOUT_RETURN_TYPE = YES_ERROR;
				GCC_WARN_UNDECLARED_SELECTOR = YES;
				GCC_WARN_UNINITIALIZED_AUTOS = YES_AGGRESSIVE;
				GCC_WARN_UNUSED_FUNCTION = YES;
				GCC_WARN_UNUSED_VARIABLE = YES;
				MACOSX_DEPLOYMENT_TARGET = 10.14;
				MTL_ENABLE_DEBUG_INFO = NO;
				MTL_FAST_MATH = YES;
				SDKROOT = macosx;
			};
			name = Release;
		};
		AD80E2AE226C7734005A0256 /* Debug */ = {
			isa = XCBuildConfiguration;
			buildSettings = {
				CODE_SIGN_STYLE = Automatic;
				PRODUCT_NAME = "$(TARGET_NAME)";
			};
			name = Debug;
		};
		AD80E2AF226C7734005A0256 /* Release */ = {
			isa = XCBuildConfiguration;
			buildSettings = {
				CODE_SIGN_STYLE = Automatic;
				PRODUCT_NAME = "$(TARGET_NAME)";
			};
			name = Release;
		};
/* End XCBuildConfiguration section */

/* Begin XCConfigurationList section */
		AD80E2A1226C7734005A0256 /* Build configuration list for PBXProject "XYAlogrithmExercise" */ = {
			isa = XCConfigurationList;
			buildConfigurations = (
				AD80E2AB226C7734005A0256 /* Debug */,
				AD80E2AC226C7734005A0256 /* Release */,
			);
			defaultConfigurationIsVisible = 0;
			defaultConfigurationName = Release;
		};
		AD80E2AD226C7734005A0256 /* Build configuration list for PBXNativeTarget "XYAlogrithmExercise" */ = {
			isa = XCConfigurationList;
			buildConfigurations = (
				AD80E2AE226C7734005A0256 /* Debug */,
				AD80E2AF226C7734005A0256 /* Release */,
			);
			defaultConfigurationIsVisible = 0;
			defaultConfigurationName = Release;
		};
/* End XCConfigurationList section */
	};
	rootObject = AD80E29E226C7734005A0256 /* Project object */;
}
