// !$*UTF8*$!
{
	archiveVersion = 1;
	classes = {
	};
	objectVersion = 50;
	objects = {

/* Begin PBXBuildFile section */
		2376B15825CCC84C00CFC7F6 /* XYSlideWindow.cpp in Sources */ = {isa = PBXBuildFile; fileRef = 2376B15625CCC84C00CFC7F6 /* XYSlideWindow.cpp */; };
		363BA6F92497B27200C7830E /* XYFenZhi.cpp in Sources */ = {isa = PBXBuildFile; fileRef = 363BA6F72497B27200C7830E /* XYFenZhi.cpp */; };
		363BA6FC2497B28000C7830E /* XYHuiSu.cpp in Sources */ = {isa = PBXBuildFile; fileRef = 363BA6FA2497B28000C7830E /* XYHuiSu.cpp */; };
		363E174824F7B445003B6979 /* _YYLinkedMap.m in Sources */ = {isa = PBXBuildFile; fileRef = 363E174724F7B445003B6979 /* _YYLinkedMap.m */; };
		3683D07724A599AF00AE04EC /* XYBAT.cpp in Sources */ = {isa = PBXBuildFile; fileRef = 3683D07524A599AF00AE04EC /* XYBAT.cpp */; };
		368DDFB524B4595500A8A72D /* XYChars.cpp in Sources */ = {isa = PBXBuildFile; fileRef = 368DDFB324B4595500A8A72D /* XYChars.cpp */; };
		36EE42072520720700AC1C7C /* XYCycleLinkList.c in Sources */ = {isa = PBXBuildFile; fileRef = 36EE42062520720700AC1C7C /* XYCycleLinkList.c */; };
		8625CEA12636F407003CF2EE /* Structure.cpp in Sources */ = {isa = PBXBuildFile; fileRef = 8625CE9F2636F407003CF2EE /* Structure.cpp */; };
		864A94A62585FF87000DA0CD /* XYCacheGoBack.cpp in Sources */ = {isa = PBXBuildFile; fileRef = 864A94A42585FF87000DA0CD /* XYCacheGoBack.cpp */; };
		865484932581C3BF001D9099 /* XYGeekTime.cpp in Sources */ = {isa = PBXBuildFile; fileRef = 865484912581C3BF001D9099 /* XYGeekTime.cpp */; };
		866E7F7025E29DBA00284648 /* XYCircleQueue.cpp in Sources */ = {isa = PBXBuildFile; fileRef = 866E7F6E25E29DBA00284648 /* XYCircleQueue.cpp */; };
		866E7F8C25E3ED6E00284648 /* XYDoublePointer.cpp in Sources */ = {isa = PBXBuildFile; fileRef = 866E7F8A25E3ED6E00284648 /* XYDoublePointer.cpp */; };
		AD1376DF241B76CB008EBBDE /* LeetCodeEveryDay.cpp in Sources */ = {isa = PBXBuildFile; fileRef = AD1376DD241B76CB008EBBDE /* LeetCodeEveryDay.cpp */; };
		AD1376E5241CD5C7008EBBDE /* XYGreed.cpp in Sources */ = {isa = PBXBuildFile; fileRef = AD1376E3241CD5C7008EBBDE /* XYGreed.cpp */; };
		AD461BEC240F58A400BABDFC /* jianzhiOffer.cpp in Sources */ = {isa = PBXBuildFile; fileRef = AD461BEA240F58A400BABDFC /* jianzhiOffer.cpp */; };
		AD56EE9523A334BD003ADF7D /* XYSort_goback.cpp in Sources */ = {isa = PBXBuildFile; fileRef = AD56EE9323A334BD003ADF7D /* XYSort_goback.cpp */; };
		AD62542723A60B7000E635C3 /* XYCache.cpp in Sources */ = {isa = PBXBuildFile; fileRef = AD62542523A60B7000E635C3 /* XYCache.cpp */; };
		AD62544923B0822D00E635C3 /* XYBSTree.cpp in Sources */ = {isa = PBXBuildFile; fileRef = AD62544723B0822C00E635C3 /* XYBSTree.cpp */; };
		AD66927523BDCD7400AD491D /* XYDp.cpp in Sources */ = {isa = PBXBuildFile; fileRef = AD66927323BDCD7400AD491D /* XYDp.cpp */; };
		AD6C731322720A42003B1A5D /* XYStack.cpp in Sources */ = {isa = PBXBuildFile; fileRef = AD6C731122720A42003B1A5D /* XYStack.cpp */; };
		AD6C731622720A4B003B1A5D /* XYBFS.cpp in Sources */ = {isa = PBXBuildFile; fileRef = AD6C731422720A4B003B1A5D /* XYBFS.cpp */; };
		AD6C731C22720A66003B1A5D /* XYHeap.cpp in Sources */ = {isa = PBXBuildFile; fileRef = AD6C731A22720A66003B1A5D /* XYHeap.cpp */; };
		AD6C731F22720A71003B1A5D /* XYTree.cpp in Sources */ = {isa = PBXBuildFile; fileRef = AD6C731D22720A71003B1A5D /* XYTree.cpp */; };
		AD8037EB2275FC6500A31959 /* LeetCodeSolution.cpp in Sources */ = {isa = PBXBuildFile; fileRef = AD8037E92275FC6500A31959 /* LeetCodeSolution.cpp */; };
		AD80E2AA226C7734005A0256 /* main.cpp in Sources */ = {isa = PBXBuildFile; fileRef = AD80E2A9226C7734005A0256 /* main.cpp */; };
		AD80E2B2226C77D1005A0256 /* XYSort.cpp in Sources */ = {isa = PBXBuildFile; fileRef = AD80E2B0226C77D1005A0256 /* XYSort.cpp */; };
		AD80E2B5226C77DF005A0256 /* XYSearch.cpp in Sources */ = {isa = PBXBuildFile; fileRef = AD80E2B3226C77DF005A0256 /* XYSearch.cpp */; };
		AD93A247238AC58D00A5A96E /* XYArrayChars.cpp in Sources */ = {isa = PBXBuildFile; fileRef = AD93A245238AC58D00A5A96E /* XYArrayChars.cpp */; };
		AD93A24A238D6F5A00A5A96E /* XYLinkList.cpp in Sources */ = {isa = PBXBuildFile; fileRef = AD93A248238D6F5A00A5A96E /* XYLinkList.cpp */; };
		ADCC2CD023B5DBE000313FC2 /* XYAVLTree.cpp in Sources */ = {isa = PBXBuildFile; fileRef = ADCC2CCE23B5DBE000313FC2 /* XYAVLTree.cpp */; };
		ADFD08322394E9900096A0F3 /* LeetCodeSolution_goback.cpp in Sources */ = {isa = PBXBuildFile; fileRef = ADFD08302394E9900096A0F3 /* LeetCodeSolution_goback.cpp */; };
/* End PBXBuildFile section */

/* Begin PBXCopyFilesBuildPhase section */
		AD80E2A4226C7734005A0256 /* CopyFiles */ = {
			isa = PBXCopyFilesBuildPhase;
			buildActionMask = 2147483647;
			dstPath = /usr/share/man/man1/;
			dstSubfolderSpec = 0;
			files = (
			);
			runOnlyForDeploymentPostprocessing = 1;
		};
/* End PBXCopyFilesBuildPhase section */

/* Begin PBXFileReference section */
		2376B15625CCC84C00CFC7F6 /* XYSlideWindow.cpp */ = {isa = PBXFileReference; lastKnownFileType = sourcecode.cpp.cpp; path = XYSlideWindow.cpp; sourceTree = "<group>"; };
		2376B15725CCC84C00CFC7F6 /* XYSlideWindow.hpp */ = {isa = PBXFileReference; lastKnownFileType = sourcecode.cpp.h; path = XYSlideWindow.hpp; sourceTree = "<group>"; };
		363BA6F72497B27200C7830E /* XYFenZhi.cpp */ = {isa = PBXFileReference; lastKnownFileType = sourcecode.cpp.cpp; path = XYFenZhi.cpp; sourceTree = "<group>"; };
		363BA6F82497B27200C7830E /* XYFenZhi.hpp */ = {isa = PBXFileReference; lastKnownFileType = sourcecode.cpp.h; path = XYFenZhi.hpp; sourceTree = "<group>"; };
		363BA6FA2497B28000C7830E /* XYHuiSu.cpp */ = {isa = PBXFileReference; lastKnownFileType = sourcecode.cpp.cpp; path = XYHuiSu.cpp; sourceTree = "<group>"; };
		363BA6FB2497B28000C7830E /* XYHuiSu.hpp */ = {isa = PBXFileReference; lastKnownFileType = sourcecode.cpp.h; path = XYHuiSu.hpp; sourceTree = "<group>"; };
		363E174624F7B445003B6979 /* _YYLinkedMap.h */ = {isa = PBXFileReference; lastKnownFileType = sourcecode.c.h; path = _YYLinkedMap.h; sourceTree = "<group>"; };
		363E174724F7B445003B6979 /* _YYLinkedMap.m */ = {isa = PBXFileReference; lastKnownFileType = sourcecode.c.objc; path = _YYLinkedMap.m; sourceTree = "<group>"; };
		3683D07524A599AF00AE04EC /* XYBAT.cpp */ = {isa = PBXFileReference; lastKnownFileType = sourcecode.cpp.cpp; path = XYBAT.cpp; sourceTree = "<group>"; };
		3683D07624A599AF00AE04EC /* XYBAT.hpp */ = {isa = PBXFileReference; lastKnownFileType = sourcecode.cpp.h; path = XYBAT.hpp; sourceTree = "<group>"; };
		368DDFB324B4595500A8A72D /* XYChars.cpp */ = {isa = PBXFileReference; lastKnownFileType = sourcecode.cpp.cpp; path = XYChars.cpp; sourceTree = "<group>"; };
		368DDFB424B4595500A8A72D /* XYChars.hpp */ = {isa = PBXFileReference; lastKnownFileType = sourcecode.cpp.h; path = XYChars.hpp; sourceTree = "<group>"; };
		36EE42052520720700AC1C7C /* XYCycleLinkList.h */ = {isa = PBXFileReference; lastKnownFileType = sourcecode.c.h; path = XYCycleLinkList.h; sourceTree = "<group>"; };
		36EE42062520720700AC1C7C /* XYCycleLinkList.c */ = {isa = PBXFileReference; lastKnownFileType = sourcecode.c.c; path = XYCycleLinkList.c; sourceTree = "<group>"; };
		8625CE9F2636F407003CF2EE /* Structure.cpp */ = {isa = PBXFileReference; lastKnownFileType = sourcecode.cpp.cpp; path = Structure.cpp; sourceTree = "<group>"; };
		8625CEA02636F407003CF2EE /* Structure.hpp */ = {isa = PBXFileReference; lastKnownFileType = sourcecode.cpp.h; path = Structure.hpp; sourceTree = "<group>"; };
		864A94A42585FF87000DA0CD /* XYCacheGoBack.cpp */ = {isa = PBXFileReference; lastKnownFileType = sourcecode.cpp.cpp; path = XYCacheGoBack.cpp; sourceTree = "<group>"; };
		864A94A52585FF87000DA0CD /* XYCacheGoBack.hpp */ = {isa = PBXFileReference; lastKnownFileType = sourcecode.cpp.h; path = XYCacheGoBack.hpp; sourceTree = "<group>"; };
		865484912581C3BF001D9099 /* XYGeekTime.cpp */ = {isa = PBXFileReference; lastKnownFileType = sourcecode.cpp.cpp; path = XYGeekTime.cpp; sourceTree = "<group>"; };
		865484922581C3BF001D9099 /* XYGeekTime.hpp */ = {isa = PBXFileReference; lastKnownFileType = sourcecode.cpp.h; path = XYGeekTime.hpp; sourceTree = "<group>"; };
		866E7F6E25E29DBA00284648 /* XYCircleQueue.cpp */ = {isa = PBXFileReference; lastKnownFileType = sourcecode.cpp.cpp; path = XYCircleQueue.cpp; sourceTree = "<group>"; };
		866E7F6F25E29DBA00284648 /* XYCircleQueue.hpp */ = {isa = PBXFileReference; lastKnownFileType = sourcecode.cpp.h; path = XYCircleQueue.hpp; sourceTree = "<group>"; };
		866E7F8A25E3ED6E00284648 /* XYDoublePointer.cpp */ = {isa = PBXFileReference; lastKnownFileType = sourcecode.cpp.cpp; path = XYDoublePointer.cpp; sourceTree = "<group>"; };
		866E7F8B25E3ED6E00284648 /* XYDoublePointer.hpp */ = {isa = PBXFileReference; lastKnownFileType = sourcecode.cpp.h; path = XYDoublePointer.hpp; sourceTree = "<group>"; };
		AD1376DD241B76CB008EBBDE /* LeetCodeEveryDay.cpp */ = {isa = PBXFileReference; lastKnownFileType = sourcecode.cpp.cpp; path = LeetCodeEveryDay.cpp; sourceTree = "<group>"; };
		AD1376DE241B76CB008EBBDE /* LeetCodeEveryDay.hpp */ = {isa = PBXFileReference; lastKnownFileType = sourcecode.cpp.h; path = LeetCodeEveryDay.hpp; sourceTree = "<group>"; };
		AD1376E3241CD5C7008EBBDE /* XYGreed.cpp */ = {isa = PBXFileReference; lastKnownFileType = sourcecode.cpp.cpp; path = XYGreed.cpp; sourceTree = "<group>"; };
		AD1376E4241CD5C7008EBBDE /* XYGreed.hpp */ = {isa = PBXFileReference; lastKnownFileType = sourcecode.cpp.h; path = XYGreed.hpp; sourceTree = "<group>"; };
		AD461BEA240F58A400BABDFC /* jianzhiOffer.cpp */ = {isa = PBXFileReference; lastKnownFileType = sourcecode.cpp.cpp; path = jianzhiOffer.cpp; sourceTree = "<group>"; };
		AD461BEB240F58A400BABDFC /* jianzhiOffer.hpp */ = {isa = PBXFileReference; lastKnownFileType = sourcecode.cpp.h; path = jianzhiOffer.hpp; sourceTree = "<group>"; };
		AD56EE9323A334BD003ADF7D /* XYSort_goback.cpp */ = {isa = PBXFileReference; lastKnownFileType = sourcecode.cpp.cpp; path = XYSort_goback.cpp; sourceTree = "<group>"; };
		AD56EE9423A334BD003ADF7D /* XYSort_goback.hpp */ = {isa = PBXFileReference; lastKnownFileType = sourcecode.cpp.h; path = XYSort_goback.hpp; sourceTree = "<group>"; };
		AD62542523A60B7000E635C3 /* XYCache.cpp */ = {isa = PBXFileReference; lastKnownFileType = sourcecode.cpp.cpp; path = XYCache.cpp; sourceTree = "<group>"; };
		AD62542623A60B7000E635C3 /* XYCache.hpp */ = {isa = PBXFileReference; lastKnownFileType = sourcecode.cpp.h; path = XYCache.hpp; sourceTree = "<group>"; };
		AD62544723B0822C00E635C3 /* XYBSTree.cpp */ = {isa = PBXFileReference; lastKnownFileType = sourcecode.cpp.cpp; path = XYBSTree.cpp; sourceTree = "<group>"; };
		AD62544823B0822C00E635C3 /* XYBSTree.hpp */ = {isa = PBXFileReference; lastKnownFileType = sourcecode.cpp.h; path = XYBSTree.hpp; sourceTree = "<group>"; };
		AD66927323BDCD7400AD491D /* XYDp.cpp */ = {isa = PBXFileReference; lastKnownFileType = sourcecode.cpp.cpp; path = XYDp.cpp; sourceTree = "<group>"; };
		AD66927423BDCD7400AD491D /* XYDp.hpp */ = {isa = PBXFileReference; lastKnownFileType = sourcecode.cpp.h; path = XYDp.hpp; sourceTree = "<group>"; };
		AD6C731122720A42003B1A5D /* XYStack.cpp */ = {isa = PBXFileReference; lastKnownFileType = sourcecode.cpp.cpp; path = XYStack.cpp; sourceTree = "<group>"; };
		AD6C731222720A42003B1A5D /* XYStack.hpp */ = {isa = PBXFileReference; lastKnownFileType = sourcecode.cpp.h; path = XYStack.hpp; sourceTree = "<group>"; };
		AD6C731422720A4B003B1A5D /* XYBFS.cpp */ = {isa = PBXFileReference; lastKnownFileType = sourcecode.cpp.cpp; path = XYBFS.cpp; sourceTree = "<group>"; };
		AD6C731522720A4B003B1A5D /* XYBFS.hpp */ = {isa = PBXFileReference; lastKnownFileType = sourcecode.cpp.h; path = XYBFS.hpp; sourceTree = "<group>"; };
		AD6C731A22720A66003B1A5D /* XYHeap.cpp */ = {isa = PBXFileReference; lastKnownFileType = sourcecode.cpp.cpp; path = XYHeap.cpp; sourceTree = "<group>"; };
		AD6C731B22720A66003B1A5D /* XYHeap.hpp */ = {isa = PBXFileReference; lastKnownFileType = sourcecode.cpp.h; path = XYHeap.hpp; sourceTree = "<group>"; };
		AD6C731D22720A71003B1A5D /* XYTree.cpp */ = {isa = PBXFileReference; lastKnownFileType = sourcecode.cpp.cpp; path = XYTree.cpp; sourceTree = "<group>"; };
		AD6C731E22720A71003B1A5D /* XYTree.hpp */ = {isa = PBXFileReference; lastKnownFileType = sourcecode.cpp.h; path = XYTree.hpp; sourceTree = "<group>"; };
		AD8037E92275FC6500A31959 /* LeetCodeSolution.cpp */ = {isa = PBXFileReference; lastKnownFileType = sourcecode.cpp.cpp; path = LeetCodeSolution.cpp; sourceTree = "<group>"; };
		AD8037EA2275FC6500A31959 /* LeetCodeSolution.hpp */ = {isa = PBXFileReference; lastKnownFileType = sourcecode.cpp.h; path = LeetCodeSolution.hpp; sourceTree = "<group>"; };
		AD80E2A6226C7734005A0256 /* XYAlogrithmExercise */ = {isa = PBXFileReference; explicitFileType = "compiled.mach-o.executable"; includeInIndex = 0; path = XYAlogrithmExercise; sourceTree = BUILT_PRODUCTS_DIR; };
		AD80E2A9226C7734005A0256 /* main.cpp */ = {isa = PBXFileReference; lastKnownFileType = sourcecode.cpp.cpp; path = main.cpp; sourceTree = "<group>"; };
		AD80E2B0226C77D1005A0256 /* XYSort.cpp */ = {isa = PBXFileReference; lastKnownFileType = sourcecode.cpp.cpp; path = XYSort.cpp; sourceTree = "<group>"; };
		AD80E2B1226C77D1005A0256 /* XYSort.hpp */ = {isa = PBXFileReference; lastKnownFileType = sourcecode.cpp.h; path = XYSort.hpp; sourceTree = "<group>"; };
		AD80E2B3226C77DF005A0256 /* XYSearch.cpp */ = {isa = PBXFileReference; lastKnownFileType = sourcecode.cpp.cpp; path = XYSearch.cpp; sourceTree = "<group>"; };
		AD80E2B4226C77DF005A0256 /* XYSearch.hpp */ = {isa = PBXFileReference; lastKnownFileType = sourcecode.cpp.h; path = XYSearch.hpp; sourceTree = "<group>"; };
		AD93A245238AC58D00A5A96E /* XYArrayChars.cpp */ = {isa = PBXFileReference; lastKnownFileType = sourcecode.cpp.cpp; path = XYArrayChars.cpp; sourceTree = "<group>"; };
		AD93A246238AC58D00A5A96E /* XYArrayChars.hpp */ = {isa = PBXFileReference; lastKnownFileType = sourcecode.cpp.h; path = XYArrayChars.hpp; sourceTree = "<group>"; };
		AD93A248238D6F5A00A5A96E /* XYLinkList.cpp */ = {isa = PBXFileReference; lastKnownFileType = sourcecode.cpp.cpp; path = XYLinkList.cpp; sourceTree = "<group>"; };
		AD93A249238D6F5A00A5A96E /* XYLinkList.hpp */ = {isa = PBXFileReference; lastKnownFileType = sourcecode.cpp.h; path = XYLinkList.hpp; sourceTree = "<group>"; };
		ADCC2CCE23B5DBE000313FC2 /* XYAVLTree.cpp */ = {isa = PBXFileReference; lastKnownFileType = sourcecode.cpp.cpp; path = XYAVLTree.cpp; sourceTree = "<group>"; };
		ADCC2CCF23B5DBE000313FC2 /* XYAVLTree.hpp */ = {isa = PBXFileReference; lastKnownFileType = sourcecode.cpp.h; path = XYAVLTree.hpp; sourceTree = "<group>"; };
		ADFD08302394E9900096A0F3 /* LeetCodeSolution_goback.cpp */ = {isa = PBXFileReference; lastKnownFileType = sourcecode.cpp.cpp; path = LeetCodeSolution_goback.cpp; sourceTree = "<group>"; };
		ADFD08312394E9900096A0F3 /* LeetCodeSolution_goback.hpp */ = {isa = PBXFileReference; lastKnownFileType = sourcecode.cpp.h; path = LeetCodeSolution_goback.hpp; sourceTree = "<group>"; };
/* End PBXFileReference section */

/* Begin PBXFrameworksBuildPhase section */
		AD80E2A3226C7734005A0256 /* Frameworks */ = {
			isa = PBXFrameworksBuildPhase;
			buildActionMask = 2147483647;
			files = (
			);
			runOnlyForDeploymentPostprocessing = 0;
		};
/* End PBXFrameworksBuildPhase section */

/* Begin PBXGroup section */
		2376B14F25CCC82300CFC7F6 /* SlideWindow(滑动窗口) */ = {
			isa = PBXGroup;
			children = (
				2376B15725CCC84C00CFC7F6 /* XYSlideWindow.hpp */,
				2376B15625CCC84C00CFC7F6 /* XYSlideWindow.cpp */,
			);
			path = "SlideWindow(滑动窗口)";
			sourceTree = "<group>";
		};
		237A2E2E25C23FB3002B1339 /* Sort(排序) */ = {
			isa = PBXGroup;
			children = (
				AD80E2B1226C77D1005A0256 /* XYSort.hpp */,
				AD80E2B0226C77D1005A0256 /* XYSort.cpp */,
				AD56EE9423A334BD003ADF7D /* XYSort_goback.hpp */,
				AD56EE9323A334BD003ADF7D /* XYSort_goback.cpp */,
			);
			path = "Sort(排序)";
			sourceTree = "<group>";
		};
		237A2E2F25C23FBB002B1339 /* Stack(栈) */ = {
			isa = PBXGroup;
			children = (
				AD6C731222720A42003B1A5D /* XYStack.hpp */,
				AD6C731122720A42003B1A5D /* XYStack.cpp */,
			);
			path = "Stack(栈)";
			sourceTree = "<group>";
		};
		237A2E3025C23FC2002B1339 /* Queue(队列) */ = {
			isa = PBXGroup;
			children = (
				866E7F6F25E29DBA00284648 /* XYCircleQueue.hpp */,
				866E7F6E25E29DBA00284648 /* XYCircleQueue.cpp */,
			);
			path = "Queue(队列)";
			sourceTree = "<group>";
		};
		237A2E3125C23FC9002B1339 /* Heap(堆) */ = {
			isa = PBXGroup;
			children = (
				AD6C731B22720A66003B1A5D /* XYHeap.hpp */,
				AD6C731A22720A66003B1A5D /* XYHeap.cpp */,
			);
			path = "Heap(堆)";
			sourceTree = "<group>";
		};
		237A2E3225C23FD0002B1339 /* Tree(树) */ = {
			isa = PBXGroup;
			children = (
				AD62544823B0822C00E635C3 /* XYBSTree.hpp */,
				AD62544723B0822C00E635C3 /* XYBSTree.cpp */,
				ADCC2CCF23B5DBE000313FC2 /* XYAVLTree.hpp */,
				ADCC2CCE23B5DBE000313FC2 /* XYAVLTree.cpp */,
				AD6C731E22720A71003B1A5D /* XYTree.hpp */,
				AD6C731D22720A71003B1A5D /* XYTree.cpp */,
			);
			path = "Tree(树)";
			sourceTree = "<group>";
		};
		237A2E3325C23FEE002B1339 /* Search(搜索) */ = {
			isa = PBXGroup;
			children = (
				AD80E2B4226C77DF005A0256 /* XYSearch.hpp */,
				AD80E2B3226C77DF005A0256 /* XYSearch.cpp */,
			);
			path = "Search(搜索)";
			sourceTree = "<group>";
		};
		237A2E3725C24003002B1339 /* Array(数组) */ = {
			isa = PBXGroup;
			children = (
				AD93A246238AC58D00A5A96E /* XYArrayChars.hpp */,
				AD93A245238AC58D00A5A96E /* XYArrayChars.cpp */,
			);
			path = "Array(数组)";
			sourceTree = "<group>";
		};
		237A2E3825C2400E002B1339 /* LinkList(链表) */ = {
			isa = PBXGroup;
			children = (
				36EE42052520720700AC1C7C /* XYCycleLinkList.h */,
				36EE42062520720700AC1C7C /* XYCycleLinkList.c */,
				AD93A249238D6F5A00A5A96E /* XYLinkList.hpp */,
				AD93A248238D6F5A00A5A96E /* XYLinkList.cpp */,
			);
			path = "LinkList(链表)";
			sourceTree = "<group>";
		};
		237A2E3925C24016002B1339 /* Cache(缓存) */ = {
			isa = PBXGroup;
			children = (
				363E174624F7B445003B6979 /* _YYLinkedMap.h */,
				363E174724F7B445003B6979 /* _YYLinkedMap.m */,
				AD62542623A60B7000E635C3 /* XYCache.hpp */,
				AD62542523A60B7000E635C3 /* XYCache.cpp */,
				864A94A52585FF87000DA0CD /* XYCacheGoBack.hpp */,
				864A94A42585FF87000DA0CD /* XYCacheGoBack.cpp */,
			);
			path = "Cache(缓存)";
			sourceTree = "<group>";
		};
		237A2E3A25C24021002B1339 /* LeetCode */ = {
			isa = PBXGroup;
			children = (
				865484922581C3BF001D9099 /* XYGeekTime.hpp */,
				865484912581C3BF001D9099 /* XYGeekTime.cpp */,
				3683D07624A599AF00AE04EC /* XYBAT.hpp */,
				3683D07524A599AF00AE04EC /* XYBAT.cpp */,
				AD461BEB240F58A400BABDFC /* jianzhiOffer.hpp */,
				AD461BEA240F58A400BABDFC /* jianzhiOffer.cpp */,
				AD1376DE241B76CB008EBBDE /* LeetCodeEveryDay.hpp */,
				AD1376DD241B76CB008EBBDE /* LeetCodeEveryDay.cpp */,
				AD8037EA2275FC6500A31959 /* LeetCodeSolution.hpp */,
				AD8037E92275FC6500A31959 /* LeetCodeSolution.cpp */,
				ADFD08312394E9900096A0F3 /* LeetCodeSolution_goback.hpp */,
				ADFD08302394E9900096A0F3 /* LeetCodeSolution_goback.cpp */,
			);
			path = LeetCode;
			sourceTree = "<group>";
		};
		237A2E3B25C2402F002B1339 /* DP(动态规划) */ = {
			isa = PBXGroup;
			children = (
				AD66927423BDCD7400AD491D /* XYDp.hpp */,
				AD66927323BDCD7400AD491D /* XYDp.cpp */,
			);
			path = "DP(动态规划)";
			sourceTree = "<group>";
		};
		237A2E3C25C24037002B1339 /* Greed(贪心) */ = {
			isa = PBXGroup;
			children = (
				AD1376E4241CD5C7008EBBDE /* XYGreed.hpp */,
				AD1376E3241CD5C7008EBBDE /* XYGreed.cpp */,
			);
			path = "Greed(贪心)";
			sourceTree = "<group>";
		};
		237A2E3D25C2403D002B1339 /* FenZhi(分治) */ = {
			isa = PBXGroup;
			children = (
				363BA6F82497B27200C7830E /* XYFenZhi.hpp */,
				363BA6F72497B27200C7830E /* XYFenZhi.cpp */,
			);
			path = "FenZhi(分治)";
			sourceTree = "<group>";
		};
		237A2E3E25C24043002B1339 /* HuiSu(回溯) */ = {
			isa = PBXGroup;
			children = (
				363BA6FB2497B28000C7830E /* XYHuiSu.hpp */,
				363BA6FA2497B28000C7830E /* XYHuiSu.cpp */,
			);
			path = "HuiSu(回溯)";
			sourceTree = "<group>";
		};
		237A2E3F25C24052002B1339 /* Chars(字符串) */ = {
			isa = PBXGroup;
			children = (
				368DDFB424B4595500A8A72D /* XYChars.hpp */,
				368DDFB324B4595500A8A72D /* XYChars.cpp */,
			);
			path = "Chars(字符串)";
			sourceTree = "<group>";
		};
		8625CE9E2636F3EE003CF2EE /* Structure */ = {
			isa = PBXGroup;
			children = (
				8625CEA02636F407003CF2EE /* Structure.hpp */,
				8625CE9F2636F407003CF2EE /* Structure.cpp */,
			);
			path = Structure;
			sourceTree = "<group>";
		};
		866E7F7425E29E1700284648 /* BFS(广度搜索) */ = {
			isa = PBXGroup;
			children = (
				AD6C731522720A4B003B1A5D /* XYBFS.hpp */,
				AD6C731422720A4B003B1A5D /* XYBFS.cpp */,
			);
			path = "BFS(广度搜索)";
			sourceTree = "<group>";
		};
		866E7F8925E3ED5900284648 /* DoublePointer(双指针) */ = {
			isa = PBXGroup;
			children = (
				866E7F8A25E3ED6E00284648 /* XYDoublePointer.cpp */,
				866E7F8B25E3ED6E00284648 /* XYDoublePointer.hpp */,
			);
			path = "DoublePointer(双指针)";
			sourceTree = "<group>";
		};
		AD80E29D226C7734005A0256 = {
			isa = PBXGroup;
			children = (
				AD80E2A8226C7734005A0256 /* XYAlogrithmExercise */,
				AD80E2A7226C7734005A0256 /* Products */,
			);
			sourceTree = "<group>";
		};
		AD80E2A7226C7734005A0256 /* Products */ = {
			isa = PBXGroup;
			children = (
				AD80E2A6226C7734005A0256 /* XYAlogrithmExercise */,
			);
			name = Products;
			sourceTree = "<group>";
		};
		AD80E2A8226C7734005A0256 /* XYAlogrithmExercise */ = {
			isa = PBXGroup;
			children = (
				8625CE9E2636F3EE003CF2EE /* Structure */,
				866E7F8925E3ED5900284648 /* DoublePointer(双指针) */,
				866E7F7425E29E1700284648 /* BFS(广度搜索) */,
				2376B14F25CCC82300CFC7F6 /* SlideWindow(滑动窗口) */,
				237A2E3A25C24021002B1339 /* LeetCode */,
				237A2E2E25C23FB3002B1339 /* Sort(排序) */,
				237A2E3F25C24052002B1339 /* Chars(字符串) */,
				237A2E3E25C24043002B1339 /* HuiSu(回溯) */,
				237A2E3D25C2403D002B1339 /* FenZhi(分治) */,
				237A2E3C25C24037002B1339 /* Greed(贪心) */,
				237A2E3B25C2402F002B1339 /* DP(动态规划) */,
				237A2E3925C24016002B1339 /* Cache(缓存) */,
				237A2E3825C2400E002B1339 /* LinkList(链表) */,
				237A2E3725C24003002B1339 /* Array(数组) */,
				237A2E3325C23FEE002B1339 /* Search(搜索) */,
				237A2E3225C23FD0002B1339 /* Tree(树) */,
				237A2E3125C23FC9002B1339 /* Heap(堆) */,
				237A2E3025C23FC2002B1339 /* Queue(队列) */,
				237A2E2F25C23FBB002B1339 /* Stack(栈) */,
				AD80E2A9226C7734005A0256 /* main.cpp */,
			);
			path = XYAlogrithmExercise;
			sourceTree = "<group>";
		};
/* End PBXGroup section */

/* Begin PBXNativeTarget section */
		AD80E2A5226C7734005A0256 /* XYAlogrithmExercise */ = {
			isa = PBXNativeTarget;
			buildConfigurationList = AD80E2AD226C7734005A0256 /* Build configuration list for PBXNativeTarget "XYAlogrithmExercise" */;
			buildPhases = (
				AD80E2A2226C7734005A0256 /* Sources */,
				AD80E2A3226C7734005A0256 /* Frameworks */,
				AD80E2A4226C7734005A0256 /* CopyFiles */,
			);
			buildRules = (
			);
			dependencies = (
			);
			name = XYAlogrithmExercise;
			productName = XYAlogrithmExercise;
			productReference = AD80E2A6226C7734005A0256 /* XYAlogrithmExercise */;
			productType = "com.apple.product-type.tool";
		};
/* End PBXNativeTarget section */

/* Begin PBXProject section */
		AD80E29E226C7734005A0256 /* Project object */ = {
			isa = PBXProject;
			attributes = {
				LastUpgradeCheck = 1010;
				ORGANIZATIONNAME = Yanci;
				TargetAttributes = {
					AD80E2A5226C7734005A0256 = {
						CreatedOnToolsVersion = 10.1;
					};
				};
			};
			buildConfigurationList = AD80E2A1226C7734005A0256 /* Build configuration list for PBXProject "XYAlogrithmExercise" */;
			compatibilityVersion = "Xcode 9.3";
			developmentRegion = en;
			hasScannedForEncodings = 0;
			knownRegions = (
				en,
			);
			mainGroup = AD80E29D226C7734005A0256;
			productRefGroup = AD80E2A7226C7734005A0256 /* Products */;
			projectDirPath = "";
			projectRoot = "";
			targets = (
				AD80E2A5226C7734005A0256 /* XYAlogrithmExercise */,
			);
		};
/* End PBXProject section */

/* Begin PBXSourcesBuildPhase section */
		AD80E2A2226C7734005A0256 /* Sources */ = {
			isa = PBXSourcesBuildPhase;
			buildActionMask = 2147483647;
			files = (
				AD66927523BDCD7400AD491D /* XYDp.cpp in Sources */,
				AD62542723A60B7000E635C3 /* XYCache.cpp in Sources */,
				866E7F7025E29DBA00284648 /* XYCircleQueue.cpp in Sources */,
				AD93A24A238D6F5A00A5A96E /* XYLinkList.cpp in Sources */,
				363BA6F92497B27200C7830E /* XYFenZhi.cpp in Sources */,
				AD1376E5241CD5C7008EBBDE /* XYGreed.cpp in Sources */,
				864A94A62585FF87000DA0CD /* XYCacheGoBack.cpp in Sources */,
				AD93A247238AC58D00A5A96E /* XYArrayChars.cpp in Sources */,
				AD80E2B2226C77D1005A0256 /* XYSort.cpp in Sources */,
				AD6C731F22720A71003B1A5D /* XYTree.cpp in Sources */,
				363BA6FC2497B28000C7830E /* XYHuiSu.cpp in Sources */,
				AD6C731C22720A66003B1A5D /* XYHeap.cpp in Sources */,
				AD1376DF241B76CB008EBBDE /* LeetCodeEveryDay.cpp in Sources */,
				AD56EE9523A334BD003ADF7D /* XYSort_goback.cpp in Sources */,
				ADFD08322394E9900096A0F3 /* LeetCodeSolution_goback.cpp in Sources */,
				363E174824F7B445003B6979 /* _YYLinkedMap.m in Sources */,
				368DDFB524B4595500A8A72D /* XYChars.cpp in Sources */,
				AD461BEC240F58A400BABDFC /* jianzhiOffer.cpp in Sources */,
				866E7F8C25E3ED6E00284648 /* XYDoublePointer.cpp in Sources */,
				AD6C731322720A42003B1A5D /* XYStack.cpp in Sources */,
				865484932581C3BF001D9099 /* XYGeekTime.cpp in Sources */,
				AD62544923B0822D00E635C3 /* XYBSTree.cpp in Sources */,
				8625CEA12636F407003CF2EE /* Structure.cpp in Sources */,
				AD80E2AA226C7734005A0256 /* main.cpp in Sources */,
				ADCC2CD023B5DBE000313FC2 /* XYAVLTree.cpp in Sources */,
				3683D07724A599AF00AE04EC /* XYBAT.cpp in Sources */,
				2376B15825CCC84C00CFC7F6 /* XYSlideWindow.cpp in Sources */,
				AD6C731622720A4B003B1A5D /* XYBFS.cpp in Sources */,
				36EE42072520720700AC1C7C /* XYCycleLinkList.c in Sources */,
				AD8037EB2275FC6500A31959 /* LeetCodeSolution.cpp in Sources */,
				AD80E2B5226C77DF005A0256 /* XYSearch.cpp in Sources */,
			);
			runOnlyForDeploymentPostprocessing = 0;
		};
/* End PBXSourcesBuildPhase section */

/* Begin XCBuildConfiguration section */
		AD80E2AB226C7734005A0256 /* Debug */ = {
			isa = XCBuildConfiguration;
			buildSettings = {
				ALWAYS_SEARCH_USER_PATHS = NO;
				CLANG_ANALYZER_NONNULL = YES;
				CLANG_ANALYZER_NUMBER_OBJECT_CONVERSION = YES_AGGRESSIVE;
				CLANG_CXX_LANGUAGE_STANDARD = "gnu++14";
				CLANG_CXX_LIBRARY = "libc++";
				CLANG_ENABLE_MODULES = YES;
				CLANG_ENABLE_OBJC_ARC = YES;
				CLANG_ENABLE_OBJC_WEAK = YES;
				CLANG_WARN_BLOCK_CAPTURE_AUTORELEASING = YES;
				CLANG_WARN_BOOL_CONVERSION = YES;
				CLANG_WARN_COMMA = YES;
				CLANG_WARN_CONSTANT_CONVERSION = YES;
				CLANG_WARN_DEPRECATED_OBJC_IMPLEMENTATIONS = YES;
				CLANG_WARN_DIRECT_OBJC_ISA_USAGE = YES_ERROR;
				CLANG_WARN_DOCUMENTATION_COMMENTS = YES;
				CLANG_WARN_EMPTY_BODY = YES;
				CLANG_WARN_ENUM_CONVERSION = YES;
				CLANG_WARN_INFINITE_RECURSION = YES;
				CLANG_WARN_INT_CONVERSION = YES;
				CLANG_WARN_NON_LITERAL_NULL_CONVERSION = YES;
				CLANG_WARN_OBJC_IMPLICIT_RETAIN_SELF = YES;
				CLANG_WARN_OBJC_LITERAL_CONVERSION = YES;
				CLANG_WARN_OBJC_ROOT_CLASS = YES_ERROR;
				CLANG_WARN_RANGE_LOOP_ANALYSIS = YES;
				CLANG_WARN_STRICT_PROTOTYPES = YES;
				CLANG_WARN_SUSPICIOUS_MOVE = YES;
				CLANG_WARN_UNGUARDED_AVAILABILITY = YES_AGGRESSIVE;
				CLANG_WARN_UNREACHABLE_CODE = YES;
				CLANG_WARN__DUPLICATE_METHOD_MATCH = YES;
				CODE_SIGN_IDENTITY = "-";
				COPY_PHASE_STRIP = NO;
				DEBUG_INFORMATION_FORMAT = dwarf;
				ENABLE_STRICT_OBJC_MSGSEND = YES;
				ENABLE_TESTABILITY = YES;
				GCC_C_LANGUAGE_STANDARD = gnu11;
				GCC_DYNAMIC_NO_PIC = NO;
				GCC_NO_COMMON_BLOCKS = YES;
				GCC_OPTIMIZATION_LEVEL = 0;
				GCC_PREPROCESSOR_DEFINITIONS = (
					"DEBUG=1",
					"$(inherited)",
				);
				GCC_WARN_64_TO_32_BIT_CONVERSION = YES;
				GCC_WARN_ABOUT_RETURN_TYPE = YES_ERROR;
				GCC_WARN_UNDECLARED_SELECTOR = YES;
				GCC_WARN_UNINITIALIZED_AUTOS = YES_AGGRESSIVE;
				GCC_WARN_UNUSED_FUNCTION = YES;
				GCC_WARN_UNUSED_VARIABLE = YES;
				MACOSX_DEPLOYMENT_TARGET = 10.14;
				MTL_ENABLE_DEBUG_INFO = INCLUDE_SOURCE;
				MTL_FAST_MATH = YES;
				ONLY_ACTIVE_ARCH = YES;
				SDKROOT = macosx;
			};
			name = Debug;
		};
		AD80E2AC226C7734005A0256 /* Release */ = {
			isa = XCBuildConfiguration;
			buildSettings = {
				ALWAYS_SEARCH_USER_PATHS = NO;
				CLANG_ANALYZER_NONNULL = YES;
				CLANG_ANALYZER_NUMBER_OBJECT_CONVERSION = YES_AGGRESSIVE;
				CLANG_CXX_LANGUAGE_STANDARD = "gnu++14";
				CLANG_CXX_LIBRARY = "libc++";
				CLANG_ENABLE_MODULES = YES;
				CLANG_ENABLE_OBJC_ARC = YES;
				CLANG_ENABLE_OBJC_WEAK = YES;
				CLANG_WARN_BLOCK_CAPTURE_AUTORELEASING = YES;
				CLANG_WARN_BOOL_CONVERSION = YES;
				CLANG_WARN_COMMA = YES;
				CLANG_WARN_CONSTANT_CONVERSION = YES;
				CLANG_WARN_DEPRECATED_OBJC_IMPLEMENTATIONS = YES;
				CLANG_WARN_DIRECT_OBJC_ISA_USAGE = YES_ERROR;
				CLANG_WARN_DOCUMENTATION_COMMENTS = YES;
				CLANG_WARN_EMPTY_BODY = YES;
				CLANG_WARN_ENUM_CONVERSION = YES;
				CLANG_WARN_INFINITE_RECURSION = YES;
				CLANG_WARN_INT_CONVERSION = YES;
				CLANG_WARN_NON_LITERAL_NULL_CONVERSION = YES;
				CLANG_WARN_OBJC_IMPLICIT_RETAIN_SELF = YES;
				CLANG_WARN_OBJC_LITERAL_CONVERSION = YES;
				CLANG_WARN_OBJC_ROOT_CLASS = YES_ERROR;
				CLANG_WARN_RANGE_LOOP_ANALYSIS = YES;
				CLANG_WARN_STRICT_PROTOTYPES = YES;
				CLANG_WARN_SUSPICIOUS_MOVE = YES;
				CLANG_WARN_UNGUARDED_AVAILABILITY = YES_AGGRESSIVE;
				CLANG_WARN_UNREACHABLE_CODE = YES;
				CLANG_WARN__DUPLICATE_METHOD_MATCH = YES;
				CODE_SIGN_IDENTITY = "-";
				COPY_PHASE_STRIP = NO;
				DEBUG_INFORMATION_FORMAT = "dwarf-with-dsym";
				ENABLE_NS_ASSERTIONS = NO;
				ENABLE_STRICT_OBJC_MSGSEND = YES;
				GCC_C_LANGUAGE_STANDARD = gnu11;
				GCC_NO_COMMON_BLOCKS = YES;
				GCC_WARN_64_TO_32_BIT_CONVERSION = YES;
				GCC_WARN_ABOUT_RETURN_TYPE = YES_ERROR;
				GCC_WARN_UNDECLARED_SELECTOR = YES;
				GCC_WARN_UNINITIALIZED_AUTOS = YES_AGGRESSIVE;
				GCC_WARN_UNUSED_FUNCTION = YES;
				GCC_WARN_UNUSED_VARIABLE = YES;
				MACOSX_DEPLOYMENT_TARGET = 10.14;
				MTL_ENABLE_DEBUG_INFO = NO;
				MTL_FAST_MATH = YES;
				SDKROOT = macosx;
			};
			name = Release;
		};
		AD80E2AE226C7734005A0256 /* Debug */ = {
			isa = XCBuildConfiguration;
			buildSettings = {
				CODE_SIGN_STYLE = Automatic;
				PRODUCT_NAME = "$(TARGET_NAME)";
			};
			name = Debug;
		};
		AD80E2AF226C7734005A0256 /* Release */ = {
			isa = XCBuildConfiguration;
			buildSettings = {
				CODE_SIGN_STYLE = Automatic;
				PRODUCT_NAME = "$(TARGET_NAME)";
			};
			name = Release;
		};
/* End XCBuildConfiguration section */

/* Begin XCConfigurationList section */
		AD80E2A1226C7734005A0256 /* Build configuration list for PBXProject "XYAlogrithmExercise" */ = {
			isa = XCConfigurationList;
			buildConfigurations = (
				AD80E2AB226C7734005A0256 /* Debug */,
				AD80E2AC226C7734005A0256 /* Release */,
			);
			defaultConfigurationIsVisible = 0;
			defaultConfigurationName = Release;
		};
		AD80E2AD226C7734005A0256 /* Build configuration list for PBXNativeTarget "XYAlogrithmExercise" */ = {
			isa = XCConfigurationList;
			buildConfigurations = (
				AD80E2AE226C7734005A0256 /* Debug */,
				AD80E2AF226C7734005A0256 /* Release */,
			);
			defaultConfigurationIsVisible = 0;
			defaultConfigurationName = Release;
		};
/* End XCConfigurationList section */
	};
	rootObject = AD80E29E226C7734005A0256 /* Project object */;
}
